// !$*UTF8*$!
{
	archiveVersion = 1;
	classes = {
	};
	objectVersion = 56;
	objects = {

/* Begin PBXBuildFile section */
		ED4CE53E2991A998005A4737 /* AddTodoSheetView.swift in Sources */ = {isa = PBXBuildFile; fileRef = ED4CE53D2991A998005A4737 /* AddTodoSheetView.swift */; };
		ED4CE5402991B3B9005A4737 /* EmptyListViewModifier.swift in Sources */ = {isa = PBXBuildFile; fileRef = ED4CE53F2991B3B9005A4737 /* EmptyListViewModifier.swift */; };
		ED4CE5432992F04B005A4737 /* HomeViewModel.swift in Sources */ = {isa = PBXBuildFile; fileRef = ED4CE5422992F04B005A4737 /* HomeViewModel.swift */; };
		ED81A100298321A700556661 /* Kick_the_SheetsApp.swift in Sources */ = {isa = PBXBuildFile; fileRef = ED81A0FF298321A700556661 /* Kick_the_SheetsApp.swift */; };
		ED81A102298321A700556661 /* ContentView.swift in Sources */ = {isa = PBXBuildFile; fileRef = ED81A101298321A700556661 /* ContentView.swift */; };
		ED81A104298321A800556661 /* Assets.xcassets in Resources */ = {isa = PBXBuildFile; fileRef = ED81A103298321A800556661 /* Assets.xcassets */; };
		ED81A107298321A800556661 /* Preview Assets.xcassets in Resources */ = {isa = PBXBuildFile; fileRef = ED81A106298321A800556661 /* Preview Assets.xcassets */; };
		ED81A111298321A800556661 /* Kick_the_SheetsTests.swift in Sources */ = {isa = PBXBuildFile; fileRef = ED81A110298321A800556661 /* Kick_the_SheetsTests.swift */; };
		ED81A11B298321A800556661 /* Kick_the_SheetsUITests.swift in Sources */ = {isa = PBXBuildFile; fileRef = ED81A11A298321A800556661 /* Kick_the_SheetsUITests.swift */; };
		ED81A11D298321A800556661 /* Kick_the_SheetsUITestsLaunchTests.swift in Sources */ = {isa = PBXBuildFile; fileRef = ED81A11C298321A800556661 /* Kick_the_SheetsUITestsLaunchTests.swift */; };
		ED81A12C2983222F00556661 /* SelectableCalendarView in Frameworks */ = {isa = PBXBuildFile; productRef = ED81A12B2983222F00556661 /* SelectableCalendarView */; };
		ED81A12F2983225000556661 /* SQLite in Frameworks */ = {isa = PBXBuildFile; productRef = ED81A12E2983225000556661 /* SQLite */; };
		ED81A1322983226000556661 /* PopupView in Frameworks */ = {isa = PBXBuildFile; productRef = ED81A1312983226000556661 /* PopupView */; };
		ED81A13A2983229800556661 /* TodoDataStore.swift in Sources */ = {isa = PBXBuildFile; fileRef = ED81A1332983229800556661 /* TodoDataStore.swift */; };
		ED81A13B2983229800556661 /* Day.swift in Sources */ = {isa = PBXBuildFile; fileRef = ED81A1352983229800556661 /* Day.swift */; };
		ED81A13C2983229800556661 /* Todo.swift in Sources */ = {isa = PBXBuildFile; fileRef = ED81A1362983229800556661 /* Todo.swift */; };
		ED81A13D2983229800556661 /* DbDay.swift in Sources */ = {isa = PBXBuildFile; fileRef = ED81A1382983229800556661 /* DbDay.swift */; };
		ED81A13E2983229800556661 /* DbTodo.swift in Sources */ = {isa = PBXBuildFile; fileRef = ED81A1392983229800556661 /* DbTodo.swift */; };
		ED81A14A2983247900556661 /* Date+Extension.swift in Sources */ = {isa = PBXBuildFile; fileRef = ED81A1442983247800556661 /* Date+Extension.swift */; };
		ED81A14C2983247900556661 /* Home.swift in Sources */ = {isa = PBXBuildFile; fileRef = ED81A1472983247800556661 /* Home.swift */; };
		ED81A14D2983247900556661 /* DayView.swift in Sources */ = {isa = PBXBuildFile; fileRef = ED81A1482983247800556661 /* DayView.swift */; };
		ED81A14E2983247900556661 /* BaseView.swift in Sources */ = {isa = PBXBuildFile; fileRef = ED81A1492983247900556661 /* BaseView.swift */; };
		ED81A151298324F300556661 /* KTSColors.swift in Sources */ = {isa = PBXBuildFile; fileRef = ED81A150298324F300556661 /* KTSColors.swift */; };
		ED81A1562983699600556661 /* RoundedButton.swift in Sources */ = {isa = PBXBuildFile; fileRef = ED81A1552983699600556661 /* RoundedButton.swift */; };
		ED81A1582983745700556661 /* Todo+Extension.swift in Sources */ = {isa = PBXBuildFile; fileRef = ED81A1572983745700556661 /* Todo+Extension.swift */; };
		ED81A15A2983793500556661 /* View+Extension.swift in Sources */ = {isa = PBXBuildFile; fileRef = ED81A1592983793500556661 /* View+Extension.swift */; };
		ED81A15C298862EC00556661 /* TodoRow.swift in Sources */ = {isa = PBXBuildFile; fileRef = ED81A15B298862EC00556661 /* TodoRow.swift */; };
		ED81A15F298F245400556661 /* String+Extension.swift in Sources */ = {isa = PBXBuildFile; fileRef = ED81A15E298F245400556661 /* String+Extension.swift */; };
/* End PBXBuildFile section */

/* Begin PBXContainerItemProxy section */
		ED81A10D298321A800556661 /* PBXContainerItemProxy */ = {
			isa = PBXContainerItemProxy;
			containerPortal = ED81A0F4298321A700556661 /* Project object */;
			proxyType = 1;
			remoteGlobalIDString = ED81A0FB298321A700556661;
			remoteInfo = "Kick the Sheets";
		};
		ED81A117298321A800556661 /* PBXContainerItemProxy */ = {
			isa = PBXContainerItemProxy;
			containerPortal = ED81A0F4298321A700556661 /* Project object */;
			proxyType = 1;
			remoteGlobalIDString = ED81A0FB298321A700556661;
			remoteInfo = "Kick the Sheets";
		};
/* End PBXContainerItemProxy section */

/* Begin PBXFileReference section */
		ED4CE53D2991A998005A4737 /* AddTodoSheetView.swift */ = {isa = PBXFileReference; lastKnownFileType = sourcecode.swift; path = AddTodoSheetView.swift; sourceTree = "<group>"; };
		ED4CE53F2991B3B9005A4737 /* EmptyListViewModifier.swift */ = {isa = PBXFileReference; lastKnownFileType = sourcecode.swift; path = EmptyListViewModifier.swift; sourceTree = "<group>"; };
		ED4CE5422992F04B005A4737 /* HomeViewModel.swift */ = {isa = PBXFileReference; lastKnownFileType = sourcecode.swift; path = HomeViewModel.swift; sourceTree = "<group>"; };
		ED81A0FC298321A700556661 /* Kick the Sheets.app */ = {isa = PBXFileReference; explicitFileType = wrapper.application; includeInIndex = 0; path = "Kick the Sheets.app"; sourceTree = BUILT_PRODUCTS_DIR; };
		ED81A0FF298321A700556661 /* Kick_the_SheetsApp.swift */ = {isa = PBXFileReference; lastKnownFileType = sourcecode.swift; path = Kick_the_SheetsApp.swift; sourceTree = "<group>"; };
		ED81A101298321A700556661 /* ContentView.swift */ = {isa = PBXFileReference; lastKnownFileType = sourcecode.swift; path = ContentView.swift; sourceTree = "<group>"; };
		ED81A103298321A800556661 /* Assets.xcassets */ = {isa = PBXFileReference; lastKnownFileType = folder.assetcatalog; path = Assets.xcassets; sourceTree = "<group>"; };
		ED81A106298321A800556661 /* Preview Assets.xcassets */ = {isa = PBXFileReference; lastKnownFileType = folder.assetcatalog; path = "Preview Assets.xcassets"; sourceTree = "<group>"; };
		ED81A10C298321A800556661 /* Kick the SheetsTests.xctest */ = {isa = PBXFileReference; explicitFileType = wrapper.cfbundle; includeInIndex = 0; path = "Kick the SheetsTests.xctest"; sourceTree = BUILT_PRODUCTS_DIR; };
		ED81A110298321A800556661 /* Kick_the_SheetsTests.swift */ = {isa = PBXFileReference; lastKnownFileType = sourcecode.swift; path = Kick_the_SheetsTests.swift; sourceTree = "<group>"; };
		ED81A116298321A800556661 /* Kick the SheetsUITests.xctest */ = {isa = PBXFileReference; explicitFileType = wrapper.cfbundle; includeInIndex = 0; path = "Kick the SheetsUITests.xctest"; sourceTree = BUILT_PRODUCTS_DIR; };
		ED81A11A298321A800556661 /* Kick_the_SheetsUITests.swift */ = {isa = PBXFileReference; lastKnownFileType = sourcecode.swift; path = Kick_the_SheetsUITests.swift; sourceTree = "<group>"; };
		ED81A11C298321A800556661 /* Kick_the_SheetsUITestsLaunchTests.swift */ = {isa = PBXFileReference; lastKnownFileType = sourcecode.swift; path = Kick_the_SheetsUITestsLaunchTests.swift; sourceTree = "<group>"; };
		ED81A1332983229800556661 /* TodoDataStore.swift */ = {isa = PBXFileReference; fileEncoding = 4; lastKnownFileType = sourcecode.swift; path = TodoDataStore.swift; sourceTree = "<group>"; };
		ED81A1352983229800556661 /* Day.swift */ = {isa = PBXFileReference; fileEncoding = 4; lastKnownFileType = sourcecode.swift; path = Day.swift; sourceTree = "<group>"; };
		ED81A1362983229800556661 /* Todo.swift */ = {isa = PBXFileReference; fileEncoding = 4; lastKnownFileType = sourcecode.swift; path = Todo.swift; sourceTree = "<group>"; };
		ED81A1382983229800556661 /* DbDay.swift */ = {isa = PBXFileReference; fileEncoding = 4; lastKnownFileType = sourcecode.swift; path = DbDay.swift; sourceTree = "<group>"; };
		ED81A1392983229800556661 /* DbTodo.swift */ = {isa = PBXFileReference; fileEncoding = 4; lastKnownFileType = sourcecode.swift; path = DbTodo.swift; sourceTree = "<group>"; };
		ED81A1442983247800556661 /* Date+Extension.swift */ = {isa = PBXFileReference; fileEncoding = 4; lastKnownFileType = sourcecode.swift; path = "Date+Extension.swift"; sourceTree = "<group>"; };
		ED81A1472983247800556661 /* Home.swift */ = {isa = PBXFileReference; fileEncoding = 4; lastKnownFileType = sourcecode.swift; path = Home.swift; sourceTree = "<group>"; };
		ED81A1482983247800556661 /* DayView.swift */ = {isa = PBXFileReference; fileEncoding = 4; lastKnownFileType = sourcecode.swift; path = DayView.swift; sourceTree = "<group>"; };
		ED81A1492983247900556661 /* BaseView.swift */ = {isa = PBXFileReference; fileEncoding = 4; lastKnownFileType = sourcecode.swift; path = BaseView.swift; sourceTree = "<group>"; };
		ED81A150298324F300556661 /* KTSColors.swift */ = {isa = PBXFileReference; lastKnownFileType = sourcecode.swift; path = KTSColors.swift; sourceTree = "<group>"; };
		ED81A1552983699600556661 /* RoundedButton.swift */ = {isa = PBXFileReference; lastKnownFileType = sourcecode.swift; path = RoundedButton.swift; sourceTree = "<group>"; };
		ED81A1572983745700556661 /* Todo+Extension.swift */ = {isa = PBXFileReference; lastKnownFileType = sourcecode.swift; path = "Todo+Extension.swift"; sourceTree = "<group>"; };
		ED81A1592983793500556661 /* View+Extension.swift */ = {isa = PBXFileReference; lastKnownFileType = sourcecode.swift; path = "View+Extension.swift"; sourceTree = "<group>"; };
		ED81A15B298862EC00556661 /* TodoRow.swift */ = {isa = PBXFileReference; lastKnownFileType = sourcecode.swift; path = TodoRow.swift; sourceTree = "<group>"; };
		ED81A15E298F245400556661 /* String+Extension.swift */ = {isa = PBXFileReference; lastKnownFileType = sourcecode.swift; path = "String+Extension.swift"; sourceTree = "<group>"; };
/* End PBXFileReference section */

/* Begin PBXFrameworksBuildPhase section */
		ED81A0F9298321A700556661 /* Frameworks */ = {
			isa = PBXFrameworksBuildPhase;
			buildActionMask = 2147483647;
			files = (
				ED81A1322983226000556661 /* PopupView in Frameworks */,
				ED81A12F2983225000556661 /* SQLite in Frameworks */,
				ED81A12C2983222F00556661 /* SelectableCalendarView in Frameworks */,
			);
			runOnlyForDeploymentPostprocessing = 0;
		};
		ED81A109298321A800556661 /* Frameworks */ = {
			isa = PBXFrameworksBuildPhase;
			buildActionMask = 2147483647;
			files = (
			);
			runOnlyForDeploymentPostprocessing = 0;
		};
		ED81A113298321A800556661 /* Frameworks */ = {
			isa = PBXFrameworksBuildPhase;
			buildActionMask = 2147483647;
			files = (
			);
			runOnlyForDeploymentPostprocessing = 0;
		};
/* End PBXFrameworksBuildPhase section */

/* Begin PBXGroup section */
		ED4CE5412992EF85005A4737 /* ViewModels */ = {
			isa = PBXGroup;
			children = (
				ED4CE5422992F04B005A4737 /* HomeViewModel.swift */,
			);
			path = ViewModels;
			sourceTree = "<group>";
		};
		ED81A0F3298321A700556661 = {
			isa = PBXGroup;
			children = (
				ED81A0FE298321A700556661 /* Kick the Sheets */,
				ED81A10F298321A800556661 /* Kick the SheetsTests */,
				ED81A119298321A800556661 /* Kick the SheetsUITests */,
				ED81A0FD298321A700556661 /* Products */,
			);
			sourceTree = "<group>";
		};
		ED81A0FD298321A700556661 /* Products */ = {
			isa = PBXGroup;
			children = (
				ED81A0FC298321A700556661 /* Kick the Sheets.app */,
				ED81A10C298321A800556661 /* Kick the SheetsTests.xctest */,
				ED81A116298321A800556661 /* Kick the SheetsUITests.xctest */,
			);
			name = Products;
			sourceTree = "<group>";
		};
		ED81A0FE298321A700556661 /* Kick the Sheets */ = {
			isa = PBXGroup;
			children = (
				ED4CE5412992EF85005A4737 /* ViewModels */,
				ED81A14F298324C900556661 /* Assets */,
				ED81A1432983247800556661 /* Extensions */,
				ED81A1452983247800556661 /* Views */,
				ED81A129298321DF00556661 /* Database */,
				ED81A0FF298321A700556661 /* Kick_the_SheetsApp.swift */,
				ED81A101298321A700556661 /* ContentView.swift */,
				ED81A103298321A800556661 /* Assets.xcassets */,
				ED81A105298321A800556661 /* Preview Content */,
			);
			path = "Kick the Sheets";
			sourceTree = "<group>";
		};
		ED81A105298321A800556661 /* Preview Content */ = {
			isa = PBXGroup;
			children = (
				ED81A106298321A800556661 /* Preview Assets.xcassets */,
			);
			path = "Preview Content";
			sourceTree = "<group>";
		};
		ED81A10F298321A800556661 /* Kick the SheetsTests */ = {
			isa = PBXGroup;
			children = (
				ED81A110298321A800556661 /* Kick_the_SheetsTests.swift */,
			);
			path = "Kick the SheetsTests";
			sourceTree = "<group>";
		};
		ED81A119298321A800556661 /* Kick the SheetsUITests */ = {
			isa = PBXGroup;
			children = (
				ED81A11A298321A800556661 /* Kick_the_SheetsUITests.swift */,
				ED81A11C298321A800556661 /* Kick_the_SheetsUITestsLaunchTests.swift */,
			);
			path = "Kick the SheetsUITests";
			sourceTree = "<group>";
		};
		ED81A129298321DF00556661 /* Database */ = {
			isa = PBXGroup;
			children = (
				ED81A1372983229800556661 /* Entities */,
				ED81A1342983229800556661 /* Models */,
				ED81A1332983229800556661 /* TodoDataStore.swift */,
			);
			path = Database;
			sourceTree = "<group>";
		};
		ED81A1342983229800556661 /* Models */ = {
			isa = PBXGroup;
			children = (
				ED81A1352983229800556661 /* Day.swift */,
				ED81A1362983229800556661 /* Todo.swift */,
			);
			path = Models;
			sourceTree = "<group>";
		};
		ED81A1372983229800556661 /* Entities */ = {
			isa = PBXGroup;
			children = (
				ED81A1382983229800556661 /* DbDay.swift */,
				ED81A1392983229800556661 /* DbTodo.swift */,
			);
			path = Entities;
			sourceTree = "<group>";
		};
		ED81A1432983247800556661 /* Extensions */ = {
			isa = PBXGroup;
			children = (
				ED81A1442983247800556661 /* Date+Extension.swift */,
				ED81A1572983745700556661 /* Todo+Extension.swift */,
				ED81A1592983793500556661 /* View+Extension.swift */,
				ED81A15E298F245400556661 /* String+Extension.swift */,
				ED4CE53F2991B3B9005A4737 /* EmptyListViewModifier.swift */,
			);
			name = Extensions;
			path = "Kick the Sheets/Extensions";
			sourceTree = SOURCE_ROOT;
		};
		ED81A1452983247800556661 /* Views */ = {
			isa = PBXGroup;
			children = (
				ED81A1542983698700556661 /* Shared */,
				ED81A1532983256300556661 /* TodoView */,
				ED81A1522983255C00556661 /* Home */,
				ED81A1492983247900556661 /* BaseView.swift */,
			);
			name = Views;
			path = "Kick the Sheets/Views";
			sourceTree = SOURCE_ROOT;
		};
		ED81A14F298324C900556661 /* Assets */ = {
			isa = PBXGroup;
			children = (
				ED81A150298324F300556661 /* KTSColors.swift */,
			);
			path = Assets;
			sourceTree = "<group>";
		};
		ED81A1522983255C00556661 /* Home */ = {
			isa = PBXGroup;
			children = (
				ED81A1472983247800556661 /* Home.swift */,
			);
			path = Home;
			sourceTree = "<group>";
		};
		ED81A1532983256300556661 /* TodoView */ = {
			isa = PBXGroup;
			children = (
				ED81A1482983247800556661 /* DayView.swift */,
				ED81A15B298862EC00556661 /* TodoRow.swift */,
				ED4CE53D2991A998005A4737 /* AddTodoSheetView.swift */,
			);
			path = TodoView;
			sourceTree = "<group>";
		};
		ED81A1542983698700556661 /* Shared */ = {
			isa = PBXGroup;
			children = (
				ED81A1552983699600556661 /* RoundedButton.swift */,
			);
			path = Shared;
			sourceTree = "<group>";
		};
/* End PBXGroup section */

/* Begin PBXNativeTarget section */
		ED81A0FB298321A700556661 /* Kick the Sheets */ = {
			isa = PBXNativeTarget;
			buildConfigurationList = ED81A120298321A800556661 /* Build configuration list for PBXNativeTarget "Kick the Sheets" */;
			buildPhases = (
				ED81A0F8298321A700556661 /* Sources */,
				ED81A0F9298321A700556661 /* Frameworks */,
				ED81A0FA298321A700556661 /* Resources */,
			);
			buildRules = (
			);
			dependencies = (
			);
			name = "Kick the Sheets";
			packageProductDependencies = (
				ED81A12B2983222F00556661 /* SelectableCalendarView */,
				ED81A12E2983225000556661 /* SQLite */,
				ED81A1312983226000556661 /* PopupView */,
			);
			productName = "Kick the Sheets";
			productReference = ED81A0FC298321A700556661 /* Kick the Sheets.app */;
			productType = "com.apple.product-type.application";
		};
		ED81A10B298321A800556661 /* Kick the SheetsTests */ = {
			isa = PBXNativeTarget;
			buildConfigurationList = ED81A123298321A800556661 /* Build configuration list for PBXNativeTarget "Kick the SheetsTests" */;
			buildPhases = (
				ED81A108298321A800556661 /* Sources */,
				ED81A109298321A800556661 /* Frameworks */,
				ED81A10A298321A800556661 /* Resources */,
			);
			buildRules = (
			);
			dependencies = (
				ED81A10E298321A800556661 /* PBXTargetDependency */,
			);
			name = "Kick the SheetsTests";
			productName = "Kick the SheetsTests";
			productReference = ED81A10C298321A800556661 /* Kick the SheetsTests.xctest */;
			productType = "com.apple.product-type.bundle.unit-test";
		};
		ED81A115298321A800556661 /* Kick the SheetsUITests */ = {
			isa = PBXNativeTarget;
			buildConfigurationList = ED81A126298321A800556661 /* Build configuration list for PBXNativeTarget "Kick the SheetsUITests" */;
			buildPhases = (
				ED81A112298321A800556661 /* Sources */,
				ED81A113298321A800556661 /* Frameworks */,
				ED81A114298321A800556661 /* Resources */,
			);
			buildRules = (
			);
			dependencies = (
				ED81A118298321A800556661 /* PBXTargetDependency */,
			);
			name = "Kick the SheetsUITests";
			productName = "Kick the SheetsUITests";
			productReference = ED81A116298321A800556661 /* Kick the SheetsUITests.xctest */;
			productType = "com.apple.product-type.bundle.ui-testing";
		};
/* End PBXNativeTarget section */

/* Begin PBXProject section */
		ED81A0F4298321A700556661 /* Project object */ = {
			isa = PBXProject;
			attributes = {
				BuildIndependentTargetsInParallel = 1;
				LastSwiftUpdateCheck = 1420;
				LastUpgradeCheck = 1420;
				TargetAttributes = {
					ED81A0FB298321A700556661 = {
						CreatedOnToolsVersion = 14.2;
					};
					ED81A10B298321A800556661 = {
						CreatedOnToolsVersion = 14.2;
						TestTargetID = ED81A0FB298321A700556661;
					};
					ED81A115298321A800556661 = {
						CreatedOnToolsVersion = 14.2;
						TestTargetID = ED81A0FB298321A700556661;
					};
				};
			};
			buildConfigurationList = ED81A0F7298321A700556661 /* Build configuration list for PBXProject "Kick the Sheets" */;
			compatibilityVersion = "Xcode 14.0";
			developmentRegion = en;
			hasScannedForEncodings = 0;
			knownRegions = (
				en,
				Base,
			);
			mainGroup = ED81A0F3298321A700556661;
			packageReferences = (
				ED81A12A2983222F00556661 /* XCRemoteSwiftPackageReference "Selectable-Calendar-View" */,
				ED81A12D2983225000556661 /* XCRemoteSwiftPackageReference "SQLite.swift" */,
				ED81A1302983226000556661 /* XCRemoteSwiftPackageReference "PopupView" */,
			);
			productRefGroup = ED81A0FD298321A700556661 /* Products */;
			projectDirPath = "";
			projectRoot = "";
			targets = (
				ED81A0FB298321A700556661 /* Kick the Sheets */,
				ED81A10B298321A800556661 /* Kick the SheetsTests */,
				ED81A115298321A800556661 /* Kick the SheetsUITests */,
			);
		};
/* End PBXProject section */

/* Begin PBXResourcesBuildPhase section */
		ED81A0FA298321A700556661 /* Resources */ = {
			isa = PBXResourcesBuildPhase;
			buildActionMask = 2147483647;
			files = (
				ED81A107298321A800556661 /* Preview Assets.xcassets in Resources */,
				ED81A104298321A800556661 /* Assets.xcassets in Resources */,
			);
			runOnlyForDeploymentPostprocessing = 0;
		};
		ED81A10A298321A800556661 /* Resources */ = {
			isa = PBXResourcesBuildPhase;
			buildActionMask = 2147483647;
			files = (
			);
			runOnlyForDeploymentPostprocessing = 0;
		};
		ED81A114298321A800556661 /* Resources */ = {
			isa = PBXResourcesBuildPhase;
			buildActionMask = 2147483647;
			files = (
			);
			runOnlyForDeploymentPostprocessing = 0;
		};
/* End PBXResourcesBuildPhase section */

/* Begin PBXSourcesBuildPhase section */
		ED81A0F8298321A700556661 /* Sources */ = {
			isa = PBXSourcesBuildPhase;
			buildActionMask = 2147483647;
			files = (
				ED81A13A2983229800556661 /* TodoDataStore.swift in Sources */,
				ED81A14C2983247900556661 /* Home.swift in Sources */,
				ED81A14E2983247900556661 /* BaseView.swift in Sources */,
				ED4CE5432992F04B005A4737 /* HomeViewModel.swift in Sources */,
				ED81A102298321A700556661 /* ContentView.swift in Sources */,
				ED81A13B2983229800556661 /* Day.swift in Sources */,
				ED81A1582983745700556661 /* Todo+Extension.swift in Sources */,
				ED81A15C298862EC00556661 /* TodoRow.swift in Sources */,
				ED81A100298321A700556661 /* Kick_the_SheetsApp.swift in Sources */,
				ED81A15F298F245400556661 /* String+Extension.swift in Sources */,
				ED81A15A2983793500556661 /* View+Extension.swift in Sources */,
				ED81A13D2983229800556661 /* DbDay.swift in Sources */,
				ED81A151298324F300556661 /* KTSColors.swift in Sources */,
				ED81A14A2983247900556661 /* Date+Extension.swift in Sources */,
				ED81A13E2983229800556661 /* DbTodo.swift in Sources */,
				ED4CE53E2991A998005A4737 /* AddTodoSheetView.swift in Sources */,
				ED81A14D2983247900556661 /* DayView.swift in Sources */,
				ED81A13C2983229800556661 /* Todo.swift in Sources */,
				ED4CE5402991B3B9005A4737 /* EmptyListViewModifier.swift in Sources */,
				ED81A1562983699600556661 /* RoundedButton.swift in Sources */,
			);
			runOnlyForDeploymentPostprocessing = 0;
		};
		ED81A108298321A800556661 /* Sources */ = {
			isa = PBXSourcesBuildPhase;
			buildActionMask = 2147483647;
			files = (
				ED81A111298321A800556661 /* Kick_the_SheetsTests.swift in Sources */,
			);
			runOnlyForDeploymentPostprocessing = 0;
		};
		ED81A112298321A800556661 /* Sources */ = {
			isa = PBXSourcesBuildPhase;
			buildActionMask = 2147483647;
			files = (
				ED81A11D298321A800556661 /* Kick_the_SheetsUITestsLaunchTests.swift in Sources */,
				ED81A11B298321A800556661 /* Kick_the_SheetsUITests.swift in Sources */,
			);
			runOnlyForDeploymentPostprocessing = 0;
		};
/* End PBXSourcesBuildPhase section */

/* Begin PBXTargetDependency section */
		ED81A10E298321A800556661 /* PBXTargetDependency */ = {
			isa = PBXTargetDependency;
			target = ED81A0FB298321A700556661 /* Kick the Sheets */;
			targetProxy = ED81A10D298321A800556661 /* PBXContainerItemProxy */;
		};
		ED81A118298321A800556661 /* PBXTargetDependency */ = {
			isa = PBXTargetDependency;
			target = ED81A0FB298321A700556661 /* Kick the Sheets */;
			targetProxy = ED81A117298321A800556661 /* PBXContainerItemProxy */;
		};
/* End PBXTargetDependency section */

/* Begin XCBuildConfiguration section */
		ED81A11E298321A800556661 /* Debug */ = {
			isa = XCBuildConfiguration;
			buildSettings = {
				ALWAYS_SEARCH_USER_PATHS = NO;
				CLANG_ANALYZER_NONNULL = YES;
				CLANG_ANALYZER_NUMBER_OBJECT_CONVERSION = YES_AGGRESSIVE;
				CLANG_CXX_LANGUAGE_STANDARD = "gnu++20";
				CLANG_ENABLE_MODULES = YES;
				CLANG_ENABLE_OBJC_ARC = YES;
				CLANG_ENABLE_OBJC_WEAK = YES;
				CLANG_WARN_BLOCK_CAPTURE_AUTORELEASING = YES;
				CLANG_WARN_BOOL_CONVERSION = YES;
				CLANG_WARN_COMMA = YES;
				CLANG_WARN_CONSTANT_CONVERSION = YES;
				CLANG_WARN_DEPRECATED_OBJC_IMPLEMENTATIONS = YES;
				CLANG_WARN_DIRECT_OBJC_ISA_USAGE = YES_ERROR;
				CLANG_WARN_DOCUMENTATION_COMMENTS = YES;
				CLANG_WARN_EMPTY_BODY = YES;
				CLANG_WARN_ENUM_CONVERSION = YES;
				CLANG_WARN_INFINITE_RECURSION = YES;
				CLANG_WARN_INT_CONVERSION = YES;
				CLANG_WARN_NON_LITERAL_NULL_CONVERSION = YES;
				CLANG_WARN_OBJC_IMPLICIT_RETAIN_SELF = YES;
				CLANG_WARN_OBJC_LITERAL_CONVERSION = YES;
				CLANG_WARN_OBJC_ROOT_CLASS = YES_ERROR;
				CLANG_WARN_QUOTED_INCLUDE_IN_FRAMEWORK_HEADER = YES;
				CLANG_WARN_RANGE_LOOP_ANALYSIS = YES;
				CLANG_WARN_STRICT_PROTOTYPES = YES;
				CLANG_WARN_SUSPICIOUS_MOVE = YES;
				CLANG_WARN_UNGUARDED_AVAILABILITY = YES_AGGRESSIVE;
				CLANG_WARN_UNREACHABLE_CODE = YES;
				CLANG_WARN__DUPLICATE_METHOD_MATCH = YES;
				COPY_PHASE_STRIP = NO;
				DEBUG_INFORMATION_FORMAT = dwarf;
				ENABLE_STRICT_OBJC_MSGSEND = YES;
				ENABLE_TESTABILITY = YES;
				GCC_C_LANGUAGE_STANDARD = gnu11;
				GCC_DYNAMIC_NO_PIC = NO;
				GCC_NO_COMMON_BLOCKS = YES;
				GCC_OPTIMIZATION_LEVEL = 0;
				GCC_PREPROCESSOR_DEFINITIONS = (
					"DEBUG=1",
					"$(inherited)",
				);
				GCC_WARN_64_TO_32_BIT_CONVERSION = YES;
				GCC_WARN_ABOUT_RETURN_TYPE = YES_ERROR;
				GCC_WARN_UNDECLARED_SELECTOR = YES;
				GCC_WARN_UNINITIALIZED_AUTOS = YES_AGGRESSIVE;
				GCC_WARN_UNUSED_FUNCTION = YES;
				GCC_WARN_UNUSED_VARIABLE = YES;
				IPHONEOS_DEPLOYMENT_TARGET = 16.2;
				MTL_ENABLE_DEBUG_INFO = INCLUDE_SOURCE;
				MTL_FAST_MATH = YES;
				ONLY_ACTIVE_ARCH = YES;
				SDKROOT = iphoneos;
				SWIFT_ACTIVE_COMPILATION_CONDITIONS = DEBUG;
				SWIFT_OPTIMIZATION_LEVEL = "-Onone";
			};
			name = Debug;
		};
		ED81A11F298321A800556661 /* Release */ = {
			isa = XCBuildConfiguration;
			buildSettings = {
				ALWAYS_SEARCH_USER_PATHS = NO;
				CLANG_ANALYZER_NONNULL = YES;
				CLANG_ANALYZER_NUMBER_OBJECT_CONVERSION = YES_AGGRESSIVE;
				CLANG_CXX_LANGUAGE_STANDARD = "gnu++20";
				CLANG_ENABLE_MODULES = YES;
				CLANG_ENABLE_OBJC_ARC = YES;
				CLANG_ENABLE_OBJC_WEAK = YES;
				CLANG_WARN_BLOCK_CAPTURE_AUTORELEASING = YES;
				CLANG_WARN_BOOL_CONVERSION = YES;
				CLANG_WARN_COMMA = YES;
				CLANG_WARN_CONSTANT_CONVERSION = YES;
				CLANG_WARN_DEPRECATED_OBJC_IMPLEMENTATIONS = YES;
				CLANG_WARN_DIRECT_OBJC_ISA_USAGE = YES_ERROR;
				CLANG_WARN_DOCUMENTATION_COMMENTS = YES;
				CLANG_WARN_EMPTY_BODY = YES;
				CLANG_WARN_ENUM_CONVERSION = YES;
				CLANG_WARN_INFINITE_RECURSION = YES;
				CLANG_WARN_INT_CONVERSION = YES;
				CLANG_WARN_NON_LITERAL_NULL_CONVERSION = YES;
				CLANG_WARN_OBJC_IMPLICIT_RETAIN_SELF = YES;
				CLANG_WARN_OBJC_LITERAL_CONVERSION = YES;
				CLANG_WARN_OBJC_ROOT_CLASS = YES_ERROR;
				CLANG_WARN_QUOTED_INCLUDE_IN_FRAMEWORK_HEADER = YES;
				CLANG_WARN_RANGE_LOOP_ANALYSIS = YES;
				CLANG_WARN_STRICT_PROTOTYPES = YES;
				CLANG_WARN_SUSPICIOUS_MOVE = YES;
				CLANG_WARN_UNGUARDED_AVAILABILITY = YES_AGGRESSIVE;
				CLANG_WARN_UNREACHABLE_CODE = YES;
				CLANG_WARN__DUPLICATE_METHOD_MATCH = YES;
				COPY_PHASE_STRIP = NO;
				DEBUG_INFORMATION_FORMAT = "dwarf-with-dsym";
				ENABLE_NS_ASSERTIONS = NO;
				ENABLE_STRICT_OBJC_MSGSEND = YES;
				GCC_C_LANGUAGE_STANDARD = gnu11;
				GCC_NO_COMMON_BLOCKS = YES;
				GCC_WARN_64_TO_32_BIT_CONVERSION = YES;
				GCC_WARN_ABOUT_RETURN_TYPE = YES_ERROR;
				GCC_WARN_UNDECLARED_SELECTOR = YES;
				GCC_WARN_UNINITIALIZED_AUTOS = YES_AGGRESSIVE;
				GCC_WARN_UNUSED_FUNCTION = YES;
				GCC_WARN_UNUSED_VARIABLE = YES;
				IPHONEOS_DEPLOYMENT_TARGET = 16.2;
				MTL_ENABLE_DEBUG_INFO = NO;
				MTL_FAST_MATH = YES;
				SDKROOT = iphoneos;
				SWIFT_COMPILATION_MODE = wholemodule;
				SWIFT_OPTIMIZATION_LEVEL = "-O";
				VALIDATE_PRODUCT = YES;
			};
			name = Release;
		};
		ED81A121298321A800556661 /* Debug */ = {
			isa = XCBuildConfiguration;
			buildSettings = {
				ASSETCATALOG_COMPILER_APPICON_NAME = AppIcon;
				ASSETCATALOG_COMPILER_GLOBAL_ACCENT_COLOR_NAME = AccentColor;
				CODE_SIGN_STYLE = Automatic;
				CURRENT_PROJECT_VERSION = 1;
				DEVELOPMENT_ASSET_PATHS = "\"Kick the Sheets/Preview Content\"";
				DEVELOPMENT_TEAM = P649CF844Y;
				ENABLE_PREVIEWS = YES;
				GENERATE_INFOPLIST_FILE = YES;
				INFOPLIST_KEY_UIApplicationSceneManifest_Generation = YES;
				INFOPLIST_KEY_UIApplicationSupportsIndirectInputEvents = YES;
				INFOPLIST_KEY_UILaunchScreen_Generation = YES;
				INFOPLIST_KEY_UISupportedInterfaceOrientations_iPad = "UIInterfaceOrientationPortrait UIInterfaceOrientationPortraitUpsideDown UIInterfaceOrientationLandscapeLeft UIInterfaceOrientationLandscapeRight";
				INFOPLIST_KEY_UISupportedInterfaceOrientations_iPhone = "UIInterfaceOrientationPortrait UIInterfaceOrientationLandscapeLeft UIInterfaceOrientationLandscapeRight";
				LD_RUNPATH_SEARCH_PATHS = (
					"$(inherited)",
					"@executable_path/Frameworks",
				);
				MARKETING_VERSION = 1.0;
				PRODUCT_BUNDLE_IDENTIFIER = "ayrenking.Kick-the-Sheets";
				PRODUCT_NAME = "$(TARGET_NAME)";
				SWIFT_EMIT_LOC_STRINGS = YES;
				SWIFT_VERSION = 5.0;
				TARGETED_DEVICE_FAMILY = "1,2";
			};
			name = Debug;
		};
		ED81A122298321A800556661 /* Release */ = {
			isa = XCBuildConfiguration;
			buildSettings = {
				ASSETCATALOG_COMPILER_APPICON_NAME = AppIcon;
				ASSETCATALOG_COMPILER_GLOBAL_ACCENT_COLOR_NAME = AccentColor;
				CODE_SIGN_STYLE = Automatic;
				CURRENT_PROJECT_VERSION = 1;
				DEVELOPMENT_ASSET_PATHS = "\"Kick the Sheets/Preview Content\"";
				DEVELOPMENT_TEAM = P649CF844Y;
				ENABLE_PREVIEWS = YES;
				GENERATE_INFOPLIST_FILE = YES;
				INFOPLIST_KEY_UIApplicationSceneManifest_Generation = YES;
				INFOPLIST_KEY_UIApplicationSupportsIndirectInputEvents = YES;
				INFOPLIST_KEY_UILaunchScreen_Generation = YES;
				INFOPLIST_KEY_UISupportedInterfaceOrientations_iPad = "UIInterfaceOrientationPortrait UIInterfaceOrientationPortraitUpsideDown UIInterfaceOrientationLandscapeLeft UIInterfaceOrientationLandscapeRight";
				INFOPLIST_KEY_UISupportedInterfaceOrientations_iPhone = "UIInterfaceOrientationPortrait UIInterfaceOrientationLandscapeLeft UIInterfaceOrientationLandscapeRight";
				LD_RUNPATH_SEARCH_PATHS = (
					"$(inherited)",
					"@executable_path/Frameworks",
				);
				MARKETING_VERSION = 1.0;
				PRODUCT_BUNDLE_IDENTIFIER = "ayrenking.Kick-the-Sheets";
				PRODUCT_NAME = "$(TARGET_NAME)";
				SWIFT_EMIT_LOC_STRINGS = YES;
				SWIFT_VERSION = 5.0;
				TARGETED_DEVICE_FAMILY = "1,2";
			};
			name = Release;
		};
		ED81A124298321A800556661 /* Debug */ = {
			isa = XCBuildConfiguration;
			buildSettings = {
				ALWAYS_EMBED_SWIFT_STANDARD_LIBRARIES = YES;
				BUNDLE_LOADER = "$(TEST_HOST)";
				CODE_SIGN_STYLE = Automatic;
				CURRENT_PROJECT_VERSION = 1;
				DEVELOPMENT_TEAM = P649CF844Y;
				GENERATE_INFOPLIST_FILE = YES;
				IPHONEOS_DEPLOYMENT_TARGET = 16.2;
				MARKETING_VERSION = 1.0;
				PRODUCT_BUNDLE_IDENTIFIER = "ayrenking.Kick-the-SheetsTests";
				PRODUCT_NAME = "$(TARGET_NAME)";
				SWIFT_EMIT_LOC_STRINGS = NO;
				SWIFT_VERSION = 5.0;
				TARGETED_DEVICE_FAMILY = "1,2";
				TEST_HOST = "$(BUILT_PRODUCTS_DIR)/Kick the Sheets.app/$(BUNDLE_EXECUTABLE_FOLDER_PATH)/Kick the Sheets";
			};
			name = Debug;
		};
		ED81A125298321A800556661 /* Release */ = {
			isa = XCBuildConfiguration;
			buildSettings = {
				ALWAYS_EMBED_SWIFT_STANDARD_LIBRARIES = YES;
				BUNDLE_LOADER = "$(TEST_HOST)";
				CODE_SIGN_STYLE = Automatic;
				CURRENT_PROJECT_VERSION = 1;
				DEVELOPMENT_TEAM = P649CF844Y;
				GENERATE_INFOPLIST_FILE = YES;
				IPHONEOS_DEPLOYMENT_TARGET = 16.2;
				MARKETING_VERSION = 1.0;
				PRODUCT_BUNDLE_IDENTIFIER = "ayrenking.Kick-the-SheetsTests";
				PRODUCT_NAME = "$(TARGET_NAME)";
				SWIFT_EMIT_LOC_STRINGS = NO;
				SWIFT_VERSION = 5.0;
				TARGETED_DEVICE_FAMILY = "1,2";
				TEST_HOST = "$(BUILT_PRODUCTS_DIR)/Kick the Sheets.app/$(BUNDLE_EXECUTABLE_FOLDER_PATH)/Kick the Sheets";
			};
			name = Release;
		};
		ED81A127298321A800556661 /* Debug */ = {
			isa = XCBuildConfiguration;
			buildSettings = {
				ALWAYS_EMBED_SWIFT_STANDARD_LIBRARIES = YES;
				CODE_SIGN_STYLE = Automatic;
				CURRENT_PROJECT_VERSION = 1;
				DEVELOPMENT_TEAM = P649CF844Y;
				GENERATE_INFOPLIST_FILE = YES;
				MARKETING_VERSION = 1.0;
				PRODUCT_BUNDLE_IDENTIFIER = "ayrenking.Kick-the-SheetsUITests";
				PRODUCT_NAME = "$(TARGET_NAME)";
				SWIFT_EMIT_LOC_STRINGS = NO;
				SWIFT_VERSION = 5.0;
				TARGETED_DEVICE_FAMILY = "1,2";
				TEST_TARGET_NAME = "Kick the Sheets";
			};
			name = Debug;
		};
		ED81A128298321A800556661 /* Release */ = {
			isa = XCBuildConfiguration;
			buildSettings = {
				ALWAYS_EMBED_SWIFT_STANDARD_LIBRARIES = YES;
				CODE_SIGN_STYLE = Automatic;
				CURRENT_PROJECT_VERSION = 1;
				DEVELOPMENT_TEAM = P649CF844Y;
				GENERATE_INFOPLIST_FILE = YES;
				MARKETING_VERSION = 1.0;
				PRODUCT_BUNDLE_IDENTIFIER = "ayrenking.Kick-the-SheetsUITests";
				PRODUCT_NAME = "$(TARGET_NAME)";
				SWIFT_EMIT_LOC_STRINGS = NO;
				SWIFT_VERSION = 5.0;
				TARGETED_DEVICE_FAMILY = "1,2";
				TEST_TARGET_NAME = "Kick the Sheets";
			};
			name = Release;
		};
/* End XCBuildConfiguration section */

/* Begin XCConfigurationList section */
		ED81A0F7298321A700556661 /* Build configuration list for PBXProject "Kick the Sheets" */ = {
			isa = XCConfigurationList;
			buildConfigurations = (
				ED81A11E298321A800556661 /* Debug */,
				ED81A11F298321A800556661 /* Release */,
			);
			defaultConfigurationIsVisible = 0;
			defaultConfigurationName = Release;
		};
		ED81A120298321A800556661 /* Build configuration list for PBXNativeTarget "Kick the Sheets" */ = {
			isa = XCConfigurationList;
			buildConfigurations = (
				ED81A121298321A800556661 /* Debug */,
				ED81A122298321A800556661 /* Release */,
			);
			defaultConfigurationIsVisible = 0;
			defaultConfigurationName = Release;
		};
		ED81A123298321A800556661 /* Build configuration list for PBXNativeTarget "Kick the SheetsTests" */ = {
			isa = XCConfigurationList;
			buildConfigurations = (
				ED81A124298321A800556661 /* Debug */,
				ED81A125298321A800556661 /* Release */,
			);
			defaultConfigurationIsVisible = 0;
			defaultConfigurationName = Release;
		};
		ED81A126298321A800556661 /* Build configuration list for PBXNativeTarget "Kick the SheetsUITests" */ = {
			isa = XCConfigurationList;
			buildConfigurations = (
				ED81A127298321A800556661 /* Debug */,
				ED81A128298321A800556661 /* Release */,
			);
			defaultConfigurationIsVisible = 0;
			defaultConfigurationName = Release;
		};
/* End XCConfigurationList section */

/* Begin XCRemoteSwiftPackageReference section */
		ED81A12A2983222F00556661 /* XCRemoteSwiftPackageReference "Selectable-Calendar-View" */ = {
			isa = XCRemoteSwiftPackageReference;
			repositoryURL = "https://github.com/aking618/Selectable-Calendar-View";
			requirement = {
				branch = main;
				kind = branch;
			};
		};
		ED81A12D2983225000556661 /* XCRemoteSwiftPackageReference "SQLite.swift" */ = {
			isa = XCRemoteSwiftPackageReference;
			repositoryURL = "https://github.com/stephencelis/SQLite.swift.git";
			requirement = {
				branch = master;
				kind = branch;
			};
		};
		ED81A1302983226000556661 /* XCRemoteSwiftPackageReference "PopupView" */ = {
			isa = XCRemoteSwiftPackageReference;
			repositoryURL = "https://github.com/exyte/PopupView";
			requirement = {
				branch = master;
				kind = branch;
			};
		};
/* End XCRemoteSwiftPackageReference section */

/* Begin XCSwiftPackageProductDependency section */
		ED81A12B2983222F00556661 /* SelectableCalendarView */ = {
			isa = XCSwiftPackageProductDependency;
			package = ED81A12A2983222F00556661 /* XCRemoteSwiftPackageReference "Selectable-Calendar-View" */;
			productName = SelectableCalendarView;
		};
		ED81A12E2983225000556661 /* SQLite */ = {
			isa = XCSwiftPackageProductDependency;
			package = ED81A12D2983225000556661 /* XCRemoteSwiftPackageReference "SQLite.swift" */;
			productName = SQLite;
		};
		ED81A1312983226000556661 /* PopupView */ = {
			isa = XCSwiftPackageProductDependency;
			package = ED81A1302983226000556661 /* XCRemoteSwiftPackageReference "PopupView" */;
			productName = PopupView;
		};
/* End XCSwiftPackageProductDependency section */
	};
	rootObject = ED81A0F4298321A700556661 /* Project object */;
}
