// !$*UTF8*$!
{
	archiveVersion = 1;
	classes = {
	};
	objectVersion = 56;
	objects = {

/* Begin PBXBuildFile section */
		ED81A100298321A700556661 /* Kick_the_SheetsApp.swift in Sources */ = {isa = PBXBuildFile; fileRef = ED81A0FF298321A700556661 /* Kick_the_SheetsApp.swift */; };
		ED81A102298321A700556661 /* ContentView.swift in Sources */ = {isa = PBXBuildFile; fileRef = ED81A101298321A700556661 /* ContentView.swift */; };
		ED81A104298321A800556661 /* Assets.xcassets in Resources */ = {isa = PBXBuildFile; fileRef = ED81A103298321A800556661 /* Assets.xcassets */; };
		ED81A107298321A800556661 /* Preview Assets.xcassets in Resources */ = {isa = PBXBuildFile; fileRef = ED81A106298321A800556661 /* Preview Assets.xcassets */; };
		ED81A111298321A800556661 /* Kick_the_SheetsTests.swift in Sources */ = {isa = PBXBuildFile; fileRef = ED81A110298321A800556661 /* Kick_the_SheetsTests.swift */; };
		ED81A11B298321A800556661 /* Kick_the_SheetsUITests.swift in Sources */ = {isa = PBXBuildFile; fileRef = ED81A11A298321A800556661 /* Kick_the_SheetsUITests.swift */; };
		ED81A11D298321A800556661 /* Kick_the_SheetsUITestsLaunchTests.swift in Sources */ = {isa = PBXBuildFile; fileRef = ED81A11C298321A800556661 /* Kick_the_SheetsUITestsLaunchTests.swift */; };
/* End PBXBuildFile section */

/* Begin PBXContainerItemProxy section */
		ED81A10D298321A800556661 /* PBXContainerItemProxy */ = {
			isa = PBXContainerItemProxy;
			containerPortal = ED81A0F4298321A700556661 /* Project object */;
			proxyType = 1;
			remoteGlobalIDString = ED81A0FB298321A700556661;
			remoteInfo = "Kick the Sheets";
		};
		ED81A117298321A800556661 /* PBXContainerItemProxy */ = {
			isa = PBXContainerItemProxy;
			containerPortal = ED81A0F4298321A700556661 /* Project object */;
			proxyType = 1;
			remoteGlobalIDString = ED81A0FB298321A700556661;
			remoteInfo = "Kick the Sheets";
		};
/* End PBXContainerItemProxy section */

/* Begin PBXFileReference section */
		ED81A0FC298321A700556661 /* Kick the Sheets.app */ = {isa = PBXFileReference; explicitFileType = wrapper.application; includeInIndex = 0; path = "Kick the Sheets.app"; sourceTree = BUILT_PRODUCTS_DIR; };
		ED81A0FF298321A700556661 /* Kick_the_SheetsApp.swift */ = {isa = PBXFileReference; lastKnownFileType = sourcecode.swift; path = Kick_the_SheetsApp.swift; sourceTree = "<group>"; };
		ED81A101298321A700556661 /* ContentView.swift */ = {isa = PBXFileReference; lastKnownFileType = sourcecode.swift; path = ContentView.swift; sourceTree = "<group>"; };
		ED81A103298321A800556661 /* Assets.xcassets */ = {isa = PBXFileReference; lastKnownFileType = folder.assetcatalog; path = Assets.xcassets; sourceTree = "<group>"; };
		ED81A106298321A800556661 /* Preview Assets.xcassets */ = {isa = PBXFileReference; lastKnownFileType = folder.assetcatalog; path = "Preview Assets.xcassets"; sourceTree = "<group>"; };
		ED81A10C298321A800556661 /* Kick the SheetsTests.xctest */ = {isa = PBXFileReference; explicitFileType = wrapper.cfbundle; includeInIndex = 0; path = "Kick the SheetsTests.xctest"; sourceTree = BUILT_PRODUCTS_DIR; };
		ED81A110298321A800556661 /* Kick_the_SheetsTests.swift */ = {isa = PBXFileReference; lastKnownFileType = sourcecode.swift; path = Kick_the_SheetsTests.swift; sourceTree = "<group>"; };
		ED81A116298321A800556661 /* Kick the SheetsUITests.xctest */ = {isa = PBXFileReference; explicitFileType = wrapper.cfbundle; includeInIndex = 0; path = "Kick the SheetsUITests.xctest"; sourceTree = BUILT_PRODUCTS_DIR; };
		ED81A11A298321A800556661 /* Kick_the_SheetsUITests.swift */ = {isa = PBXFileReference; lastKnownFileType = sourcecode.swift; path = Kick_the_SheetsUITests.swift; sourceTree = "<group>"; };
		ED81A11C298321A800556661 /* Kick_the_SheetsUITestsLaunchTests.swift */ = {isa = PBXFileReference; lastKnownFileType = sourcecode.swift; path = Kick_the_SheetsUITestsLaunchTests.swift; sourceTree = "<group>"; };
/* End PBXFileReference section */

/* Begin PBXFrameworksBuildPhase section */
		ED81A0F9298321A700556661 /* Frameworks */ = {
			isa = PBXFrameworksBuildPhase;
			buildActionMask = 2147483647;
			files = (
			);
			runOnlyForDeploymentPostprocessing = 0;
		};
		ED81A109298321A800556661 /* Frameworks */ = {
			isa = PBXFrameworksBuildPhase;
			buildActionMask = 2147483647;
			files = (
			);
			runOnlyForDeploymentPostprocessing = 0;
		};
		ED81A113298321A800556661 /* Frameworks */ = {
			isa = PBXFrameworksBuildPhase;
			buildActionMask = 2147483647;
			files = (
			);
			runOnlyForDeploymentPostprocessing = 0;
		};
/* End PBXFrameworksBuildPhase section */

/* Begin PBXGroup section */
		ED81A0F3298321A700556661 = {
			isa = PBXGroup;
			children = (
				ED81A0FE298321A700556661 /* Kick the Sheets */,
				ED81A10F298321A800556661 /* Kick the SheetsTests */,
				ED81A119298321A800556661 /* Kick the SheetsUITests */,
				ED81A0FD298321A700556661 /* Products */,
			);
			sourceTree = "<group>";
		};
		ED81A0FD298321A700556661 /* Products */ = {
			isa = PBXGroup;
			children = (
				ED81A0FC298321A700556661 /* Kick the Sheets.app */,
				ED81A10C298321A800556661 /* Kick the SheetsTests.xctest */,
				ED81A116298321A800556661 /* Kick the SheetsUITests.xctest */,
			);
			name = Products;
			sourceTree = "<group>";
		};
		ED81A0FE298321A700556661 /* Kick the Sheets */ = {
			isa = PBXGroup;
			children = (
				ED81A0FF298321A700556661 /* Kick_the_SheetsApp.swift */,
				ED81A101298321A700556661 /* ContentView.swift */,
				ED81A103298321A800556661 /* Assets.xcassets */,
				ED81A105298321A800556661 /* Preview Content */,
			);
			path = "Kick the Sheets";
			sourceTree = "<group>";
		};
		ED81A105298321A800556661 /* Preview Content */ = {
			isa = PBXGroup;
			children = (
				ED81A106298321A800556661 /* Preview Assets.xcassets */,
			);
			path = "Preview Content";
			sourceTree = "<group>";
		};
		ED81A10F298321A800556661 /* Kick the SheetsTests */ = {
			isa = PBXGroup;
			children = (
				ED81A110298321A800556661 /* Kick_the_SheetsTests.swift */,
			);
			path = "Kick the SheetsTests";
			sourceTree = "<group>";
		};
		ED81A119298321A800556661 /* Kick the SheetsUITests */ = {
			isa = PBXGroup;
			children = (
				ED81A11A298321A800556661 /* Kick_the_SheetsUITests.swift */,
				ED81A11C298321A800556661 /* Kick_the_SheetsUITestsLaunchTests.swift */,
			);
			path = "Kick the SheetsUITests";
			sourceTree = "<group>";
		};
/* End PBXGroup section */

/* Begin PBXNativeTarget section */
		ED81A0FB298321A700556661 /* Kick the Sheets */ = {
			isa = PBXNativeTarget;
			buildConfigurationList = ED81A120298321A800556661 /* Build configuration list for PBXNativeTarget "Kick the Sheets" */;
			buildPhases = (
				ED81A0F8298321A700556661 /* Sources */,
				ED81A0F9298321A700556661 /* Frameworks */,
				ED81A0FA298321A700556661 /* Resources */,
			);
			buildRules = (
			);
			dependencies = (
			);
			name = "Kick the Sheets";
			productName = "Kick the Sheets";
			productReference = ED81A0FC298321A700556661 /* Kick the Sheets.app */;
			productType = "com.apple.product-type.application";
		};
		ED81A10B298321A800556661 /* Kick the SheetsTests */ = {
			isa = PBXNativeTarget;
			buildConfigurationList = ED81A123298321A800556661 /* Build configuration list for PBXNativeTarget "Kick the SheetsTests" */;
			buildPhases = (
				ED81A108298321A800556661 /* Sources */,
				ED81A109298321A800556661 /* Frameworks */,
				ED81A10A298321A800556661 /* Resources */,
			);
			buildRules = (
			);
			dependencies = (
				ED81A10E298321A800556661 /* PBXTargetDependency */,
			);
			name = "Kick the SheetsTests";
			productName = "Kick the SheetsTests";
			productReference = ED81A10C298321A800556661 /* Kick the SheetsTests.xctest */;
			productType = "com.apple.product-type.bundle.unit-test";
		};
		ED81A115298321A800556661 /* Kick the SheetsUITests */ = {
			isa = PBXNativeTarget;
			buildConfigurationList = ED81A126298321A800556661 /* Build configuration list for PBXNativeTarget "Kick the SheetsUITests" */;
			buildPhases = (
				ED81A112298321A800556661 /* Sources */,
				ED81A113298321A800556661 /* Frameworks */,
				ED81A114298321A800556661 /* Resources */,
			);
			buildRules = (
			);
			dependencies = (
				ED81A118298321A800556661 /* PBXTargetDependency */,
			);
			name = "Kick the SheetsUITests";
			productName = "Kick the SheetsUITests";
			productReference = ED81A116298321A800556661 /* Kick the SheetsUITests.xctest */;
			productType = "com.apple.product-type.bundle.ui-testing";
		};
/* End PBXNativeTarget section */

/* Begin PBXProject section */
		ED81A0F4298321A700556661 /* Project object */ = {
			isa = PBXProject;
			attributes = {
				BuildIndependentTargetsInParallel = 1;
				LastSwiftUpdateCheck = 1420;
				LastUpgradeCheck = 1420;
				TargetAttributes = {
					ED81A0FB298321A700556661 = {
						CreatedOnToolsVersion = 14.2;
					};
					ED81A10B298321A800556661 = {
						CreatedOnToolsVersion = 14.2;
						TestTargetID = ED81A0FB298321A700556661;
					};
					ED81A115298321A800556661 = {
						CreatedOnToolsVersion = 14.2;
						TestTargetID = ED81A0FB298321A700556661;
					};
				};
			};
			buildConfigurationList = ED81A0F7298321A700556661 /* Build configuration list for PBXProject "Kick the Sheets" */;
			compatibilityVersion = "Xcode 14.0";
			developmentRegion = en;
			hasScannedForEncodings = 0;
			knownRegions = (
				en,
				Base,
			);
			mainGroup = ED81A0F3298321A700556661;
			productRefGroup = ED81A0FD298321A700556661 /* Products */;
			projectDirPath = "";
			projectRoot = "";
			targets = (
				ED81A0FB298321A700556661 /* Kick the Sheets */,
				ED81A10B298321A800556661 /* Kick the SheetsTests */,
				ED81A115298321A800556661 /* Kick the SheetsUITests */,
			);
		};
/* End PBXProject section */

/* Begin PBXResourcesBuildPhase section */
		ED81A0FA298321A700556661 /* Resources */ = {
			isa = PBXResourcesBuildPhase;
			buildActionMask = 2147483647;
			files = (
				ED81A107298321A800556661 /* Preview Assets.xcassets in Resources */,
				ED81A104298321A800556661 /* Assets.xcassets in Resources */,
			);
			runOnlyForDeploymentPostprocessing = 0;
		};
		ED81A10A298321A800556661 /* Resources */ = {
			isa = PBXResourcesBuildPhase;
			buildActionMask = 2147483647;
			files = (
			);
			runOnlyForDeploymentPostprocessing = 0;
		};
		ED81A114298321A800556661 /* Resources */ = {
			isa = PBXResourcesBuildPhase;
			buildActionMask = 2147483647;
			files = (
			);
			runOnlyForDeploymentPostprocessing = 0;
		};
/* End PBXResourcesBuildPhase section */

/* Begin PBXSourcesBuildPhase section */
		ED81A0F8298321A700556661 /* Sources */ = {
			isa = PBXSourcesBuildPhase;
			buildActionMask = 2147483647;
			files = (
				ED81A102298321A700556661 /* ContentView.swift in Sources */,
				ED81A100298321A700556661 /* Kick_the_SheetsApp.swift in Sources */,
			);
			runOnlyForDeploymentPostprocessing = 0;
		};
		ED81A108298321A800556661 /* Sources */ = {
			isa = PBXSourcesBuildPhase;
			buildActionMask = 2147483647;
			files = (
				ED81A111298321A800556661 /* Kick_the_SheetsTests.swift in Sources */,
			);
			runOnlyForDeploymentPostprocessing = 0;
		};
		ED81A112298321A800556661 /* Sources */ = {
			isa = PBXSourcesBuildPhase;
			buildActionMask = 2147483647;
			files = (
				ED81A11D298321A800556661 /* Kick_the_SheetsUITestsLaunchTests.swift in Sources */,
				ED81A11B298321A800556661 /* Kick_the_SheetsUITests.swift in Sources */,
			);
			runOnlyForDeploymentPostprocessing = 0;
		};
/* End PBXSourcesBuildPhase section */

/* Begin PBXTargetDependency section */
		ED81A10E298321A800556661 /* PBXTargetDependency */ = {
			isa = PBXTargetDependency;
			target = ED81A0FB298321A700556661 /* Kick the Sheets */;
			targetProxy = ED81A10D298321A800556661 /* PBXContainerItemProxy */;
		};
		ED81A118298321A800556661 /* PBXTargetDependency */ = {
			isa = PBXTargetDependency;
			target = ED81A0FB298321A700556661 /* Kick the Sheets */;
			targetProxy = ED81A117298321A800556661 /* PBXContainerItemProxy */;
		};
/* End PBXTargetDependency section */

/* Begin XCBuildConfiguration section */
		ED81A11E298321A800556661 /* Debug */ = {
			isa = XCBuildConfiguration;
			buildSettings = {
				ALWAYS_SEARCH_USER_PATHS = NO;
				CLANG_ANALYZER_NONNULL = YES;
				CLANG_ANALYZER_NUMBER_OBJECT_CONVERSION = YES_AGGRESSIVE;
				CLANG_CXX_LANGUAGE_STANDARD = "gnu++20";
				CLANG_ENABLE_MODULES = YES;
				CLANG_ENABLE_OBJC_ARC = YES;
				CLANG_ENABLE_OBJC_WEAK = YES;
				CLANG_WARN_BLOCK_CAPTURE_AUTORELEASING = YES;
				CLANG_WARN_BOOL_CONVERSION = YES;
				CLANG_WARN_COMMA = YES;
				CLANG_WARN_CONSTANT_CONVERSION = YES;
				CLANG_WARN_DEPRECATED_OBJC_IMPLEMENTATIONS = YES;
				CLANG_WARN_DIRECT_OBJC_ISA_USAGE = YES_ERROR;
				CLANG_WARN_DOCUMENTATION_COMMENTS = YES;
				CLANG_WARN_EMPTY_BODY = YES;
				CLANG_WARN_ENUM_CONVERSION = YES;
				CLANG_WARN_INFINITE_RECURSION = YES;
				CLANG_WARN_INT_CONVERSION = YES;
				CLANG_WARN_NON_LITERAL_NULL_CONVERSION = YES;
				CLANG_WARN_OBJC_IMPLICIT_RETAIN_SELF = YES;
				CLANG_WARN_OBJC_LITERAL_CONVERSION = YES;
				CLANG_WARN_OBJC_ROOT_CLASS = YES_ERROR;
				CLANG_WARN_QUOTED_INCLUDE_IN_FRAMEWORK_HEADER = YES;
				CLANG_WARN_RANGE_LOOP_ANALYSIS = YES;
				CLANG_WARN_STRICT_PROTOTYPES = YES;
				CLANG_WARN_SUSPICIOUS_MOVE = YES;
				CLANG_WARN_UNGUARDED_AVAILABILITY = YES_AGGRESSIVE;
				CLANG_WARN_UNREACHABLE_CODE = YES;
				CLANG_WARN__DUPLICATE_METHOD_MATCH = YES;
				COPY_PHASE_STRIP = NO;
				DEBUG_INFORMATION_FORMAT = dwarf;
				ENABLE_STRICT_OBJC_MSGSEND = YES;
				ENABLE_TESTABILITY = YES;
				GCC_C_LANGUAGE_STANDARD = gnu11;
				GCC_DYNAMIC_NO_PIC = NO;
				GCC_NO_COMMON_BLOCKS = YES;
				GCC_OPTIMIZATION_LEVEL = 0;
				GCC_PREPROCESSOR_DEFINITIONS = (
					"DEBUG=1",
					"$(inherited)",
				);
				GCC_WARN_64_TO_32_BIT_CONVERSION = YES;
				GCC_WARN_ABOUT_RETURN_TYPE = YES_ERROR;
				GCC_WARN_UNDECLARED_SELECTOR = YES;
				GCC_WARN_UNINITIALIZED_AUTOS = YES_AGGRESSIVE;
				GCC_WARN_UNUSED_FUNCTION = YES;
				GCC_WARN_UNUSED_VARIABLE = YES;
				IPHONEOS_DEPLOYMENT_TARGET = 16.2;
				MTL_ENABLE_DEBUG_INFO = INCLUDE_SOURCE;
				MTL_FAST_MATH = YES;
				ONLY_ACTIVE_ARCH = YES;
				SDKROOT = iphoneos;
				SWIFT_ACTIVE_COMPILATION_CONDITIONS = DEBUG;
				SWIFT_OPTIMIZATION_LEVEL = "-Onone";
			};
			name = Debug;
		};
		ED81A11F298321A800556661 /* Release */ = {
			isa = XCBuildConfiguration;
			buildSettings = {
				ALWAYS_SEARCH_USER_PATHS = NO;
				CLANG_ANALYZER_NONNULL = YES;
				CLANG_ANALYZER_NUMBER_OBJECT_CONVERSION = YES_AGGRESSIVE;
				CLANG_CXX_LANGUAGE_STANDARD = "gnu++20";
				CLANG_ENABLE_MODULES = YES;
				CLANG_ENABLE_OBJC_ARC = YES;
				CLANG_ENABLE_OBJC_WEAK = YES;
				CLANG_WARN_BLOCK_CAPTURE_AUTORELEASING = YES;
				CLANG_WARN_BOOL_CONVERSION = YES;
				CLANG_WARN_COMMA = YES;
				CLANG_WARN_CONSTANT_CONVERSION = YES;
				CLANG_WARN_DEPRECATED_OBJC_IMPLEMENTATIONS = YES;
				CLANG_WARN_DIRECT_OBJC_ISA_USAGE = YES_ERROR;
				CLANG_WARN_DOCUMENTATION_COMMENTS = YES;
				CLANG_WARN_EMPTY_BODY = YES;
				CLANG_WARN_ENUM_CONVERSION = YES;
				CLANG_WARN_INFINITE_RECURSION = YES;
				CLANG_WARN_INT_CONVERSION = YES;
				CLANG_WARN_NON_LITERAL_NULL_CONVERSION = YES;
				CLANG_WARN_OBJC_IMPLICIT_RETAIN_SELF = YES;
				CLANG_WARN_OBJC_LITERAL_CONVERSION = YES;
				CLANG_WARN_OBJC_ROOT_CLASS = YES_ERROR;
				CLANG_WARN_QUOTED_INCLUDE_IN_FRAMEWORK_HEADER = YES;
				CLANG_WARN_RANGE_LOOP_ANALYSIS = YES;
				CLANG_WARN_STRICT_PROTOTYPES = YES;
				CLANG_WARN_SUSPICIOUS_MOVE = YES;
				CLANG_WARN_UNGUARDED_AVAILABILITY = YES_AGGRESSIVE;
				CLANG_WARN_UNREACHABLE_CODE = YES;
				CLANG_WARN__DUPLICATE_METHOD_MATCH = YES;
				COPY_PHASE_STRIP = NO;
				DEBUG_INFORMATION_FORMAT = "dwarf-with-dsym";
				ENABLE_NS_ASSERTIONS = NO;
				ENABLE_STRICT_OBJC_MSGSEND = YES;
				GCC_C_LANGUAGE_STANDARD = gnu11;
				GCC_NO_COMMON_BLOCKS = YES;
				GCC_WARN_64_TO_32_BIT_CONVERSION = YES;
				GCC_WARN_ABOUT_RETURN_TYPE = YES_ERROR;
				GCC_WARN_UNDECLARED_SELECTOR = YES;
				GCC_WARN_UNINITIALIZED_AUTOS = YES_AGGRESSIVE;
				GCC_WARN_UNUSED_FUNCTION = YES;
				GCC_WARN_UNUSED_VARIABLE = YES;
				IPHONEOS_DEPLOYMENT_TARGET = 16.2;
				MTL_ENABLE_DEBUG_INFO = NO;
				MTL_FAST_MATH = YES;
				SDKROOT = iphoneos;
				SWIFT_COMPILATION_MODE = wholemodule;
				SWIFT_OPTIMIZATION_LEVEL = "-O";
				VALIDATE_PRODUCT = YES;
			};
			name = Release;
		};
		ED81A121298321A800556661 /* Debug */ = {
			isa = XCBuildConfiguration;
			buildSettings = {
				ASSETCATALOG_COMPILER_APPICON_NAME = AppIcon;
				ASSETCATALOG_COMPILER_GLOBAL_ACCENT_COLOR_NAME = AccentColor;
				CODE_SIGN_STYLE = Automatic;
				CURRENT_PROJECT_VERSION = 1;
				DEVELOPMENT_ASSET_PATHS = "\"Kick the Sheets/Preview Content\"";
				DEVELOPMENT_TEAM = P649CF844Y;
				ENABLE_PREVIEWS = YES;
				GENERATE_INFOPLIST_FILE = YES;
				INFOPLIST_KEY_UIApplicationSceneManifest_Generation = YES;
				INFOPLIST_KEY_UIApplicationSupportsIndirectInputEvents = YES;
				INFOPLIST_KEY_UILaunchScreen_Generation = YES;
				INFOPLIST_KEY_UISupportedInterfaceOrientations_iPad = "UIInterfaceOrientationPortrait UIInterfaceOrientationPortraitUpsideDown UIInterfaceOrientationLandscapeLeft UIInterfaceOrientationLandscapeRight";
				INFOPLIST_KEY_UISupportedInterfaceOrientations_iPhone = "UIInterfaceOrientationPortrait UIInterfaceOrientationLandscapeLeft UIInterfaceOrientationLandscapeRight";
				LD_RUNPATH_SEARCH_PATHS = (
					"$(inherited)",
					"@executable_path/Frameworks",
				);
				MARKETING_VERSION = 1.0;
				PRODUCT_BUNDLE_IDENTIFIER = "ayrenking.Kick-the-Sheets";
				PRODUCT_NAME = "$(TARGET_NAME)";
				SWIFT_EMIT_LOC_STRINGS = YES;
				SWIFT_VERSION = 5.0;
				TARGETED_DEVICE_FAMILY = "1,2";
			};
			name = Debug;
		};
		ED81A122298321A800556661 /* Release */ = {
			isa = XCBuildConfiguration;
			buildSettings = {
				ASSETCATALOG_COMPILER_APPICON_NAME = AppIcon;
				ASSETCATALOG_COMPILER_GLOBAL_ACCENT_COLOR_NAME = AccentColor;
				CODE_SIGN_STYLE = Automatic;
				CURRENT_PROJECT_VERSION = 1;
				DEVELOPMENT_ASSET_PATHS = "\"Kick the Sheets/Preview Content\"";
				DEVELOPMENT_TEAM = P649CF844Y;
				ENABLE_PREVIEWS = YES;
				GENERATE_INFOPLIST_FILE = YES;
				INFOPLIST_KEY_UIApplicationSceneManifest_Generation = YES;
				INFOPLIST_KEY_UIApplicationSupportsIndirectInputEvents = YES;
				INFOPLIST_KEY_UILaunchScreen_Generation = YES;
				INFOPLIST_KEY_UISupportedInterfaceOrientations_iPad = "UIInterfaceOrientationPortrait UIInterfaceOrientationPortraitUpsideDown UIInterfaceOrientationLandscapeLeft UIInterfaceOrientationLandscapeRight";
				INFOPLIST_KEY_UISupportedInterfaceOrientations_iPhone = "UIInterfaceOrientationPortrait UIInterfaceOrientationLandscapeLeft UIInterfaceOrientationLandscapeRight";
				LD_RUNPATH_SEARCH_PATHS = (
					"$(inherited)",
					"@executable_path/Frameworks",
				);
				MARKETING_VERSION = 1.0;
				PRODUCT_BUNDLE_IDENTIFIER = "ayrenking.Kick-the-Sheets";
				PRODUCT_NAME = "$(TARGET_NAME)";
				SWIFT_EMIT_LOC_STRINGS = YES;
				SWIFT_VERSION = 5.0;
				TARGETED_DEVICE_FAMILY = "1,2";
			};
			name = Release;
		};
		ED81A124298321A800556661 /* Debug */ = {
			isa = XCBuildConfiguration;
			buildSettings = {
				ALWAYS_EMBED_SWIFT_STANDARD_LIBRARIES = YES;
				BUNDLE_LOADER = "$(TEST_HOST)";
				CODE_SIGN_STYLE = Automatic;
				CURRENT_PROJECT_VERSION = 1;
				DEVELOPMENT_TEAM = P649CF844Y;
				GENERATE_INFOPLIST_FILE = YES;
				IPHONEOS_DEPLOYMENT_TARGET = 16.2;
				MARKETING_VERSION = 1.0;
				PRODUCT_BUNDLE_IDENTIFIER = "ayrenking.Kick-the-SheetsTests";
				PRODUCT_NAME = "$(TARGET_NAME)";
				SWIFT_EMIT_LOC_STRINGS = NO;
				SWIFT_VERSION = 5.0;
				TARGETED_DEVICE_FAMILY = "1,2";
				TEST_HOST = "$(BUILT_PRODUCTS_DIR)/Kick the Sheets.app/$(BUNDLE_EXECUTABLE_FOLDER_PATH)/Kick the Sheets";
			};
			name = Debug;
		};
		ED81A125298321A800556661 /* Release */ = {
			isa = XCBuildConfiguration;
			buildSettings = {
				ALWAYS_EMBED_SWIFT_STANDARD_LIBRARIES = YES;
				BUNDLE_LOADER = "$(TEST_HOST)";
				CODE_SIGN_STYLE = Automatic;
				CURRENT_PROJECT_VERSION = 1;
				DEVELOPMENT_TEAM = P649CF844Y;
				GENERATE_INFOPLIST_FILE = YES;
				IPHONEOS_DEPLOYMENT_TARGET = 16.2;
				MARKETING_VERSION = 1.0;
				PRODUCT_BUNDLE_IDENTIFIER = "ayrenking.Kick-the-SheetsTests";
				PRODUCT_NAME = "$(TARGET_NAME)";
				SWIFT_EMIT_LOC_STRINGS = NO;
				SWIFT_VERSION = 5.0;
				TARGETED_DEVICE_FAMILY = "1,2";
				TEST_HOST = "$(BUILT_PRODUCTS_DIR)/Kick the Sheets.app/$(BUNDLE_EXECUTABLE_FOLDER_PATH)/Kick the Sheets";
			};
			name = Release;
		};
		ED81A127298321A800556661 /* Debug */ = {
			isa = XCBuildConfiguration;
			buildSettings = {
				ALWAYS_EMBED_SWIFT_STANDARD_LIBRARIES = YES;
				CODE_SIGN_STYLE = Automatic;
				CURRENT_PROJECT_VERSION = 1;
				DEVELOPMENT_TEAM = P649CF844Y;
				GENERATE_INFOPLIST_FILE = YES;
				MARKETING_VERSION = 1.0;
				PRODUCT_BUNDLE_IDENTIFIER = "ayrenking.Kick-the-SheetsUITests";
				PRODUCT_NAME = "$(TARGET_NAME)";
				SWIFT_EMIT_LOC_STRINGS = NO;
				SWIFT_VERSION = 5.0;
				TARGETED_DEVICE_FAMILY = "1,2";
				TEST_TARGET_NAME = "Kick the Sheets";
			};
			name = Debug;
		};
		ED81A128298321A800556661 /* Release */ = {
			isa = XCBuildConfiguration;
			buildSettings = {
				ALWAYS_EMBED_SWIFT_STANDARD_LIBRARIES = YES;
				CODE_SIGN_STYLE = Automatic;
				CURRENT_PROJECT_VERSION = 1;
				DEVELOPMENT_TEAM = P649CF844Y;
				GENERATE_INFOPLIST_FILE = YES;
				MARKETING_VERSION = 1.0;
				PRODUCT_BUNDLE_IDENTIFIER = "ayrenking.Kick-the-SheetsUITests";
				PRODUCT_NAME = "$(TARGET_NAME)";
				SWIFT_EMIT_LOC_STRINGS = NO;
				SWIFT_VERSION = 5.0;
				TARGETED_DEVICE_FAMILY = "1,2";
				TEST_TARGET_NAME = "Kick the Sheets";
			};
			name = Release;
		};
/* End XCBuildConfiguration section */

/* Begin XCConfigurationList section */
		ED81A0F7298321A700556661 /* Build configuration list for PBXProject "Kick the Sheets" */ = {
			isa = XCConfigurationList;
			buildConfigurations = (
				ED81A11E298321A800556661 /* Debug */,
				ED81A11F298321A800556661 /* Release */,
			);
			defaultConfigurationIsVisible = 0;
			defaultConfigurationName = Release;
		};
		ED81A120298321A800556661 /* Build configuration list for PBXNativeTarget "Kick the Sheets" */ = {
			isa = XCConfigurationList;
			buildConfigurations = (
				ED81A121298321A800556661 /* Debug */,
				ED81A122298321A800556661 /* Release */,
			);
			defaultConfigurationIsVisible = 0;
			defaultConfigurationName = Release;
		};
		ED81A123298321A800556661 /* Build configuration list for PBXNativeTarget "Kick the SheetsTests" */ = {
			isa = XCConfigurationList;
			buildConfigurations = (
				ED81A124298321A800556661 /* Debug */,
				ED81A125298321A800556661 /* Release */,
			);
			defaultConfigurationIsVisible = 0;
			defaultConfigurationName = Release;
		};
		ED81A126298321A800556661 /* Build configuration list for PBXNativeTarget "Kick the SheetsUITests" */ = {
			isa = XCConfigurationList;
			buildConfigurations = (
				ED81A127298321A800556661 /* Debug */,
				ED81A128298321A800556661 /* Release */,
			);
			defaultConfigurationIsVisible = 0;
			defaultConfigurationName = Release;
		};
/* End XCConfigurationList section */
	};
	rootObject = ED81A0F4298321A700556661 /* Project object */;
}
