// !$*UTF8*$!
{
	archiveVersion = 1;
	classes = {
	};
	objectVersion = 56;
	objects = {

/* Begin PBXBuildFile section */
		ED010CE82A68ACA5000FFFB6 /* AppState.swift in Sources */ = {isa = PBXBuildFile; fileRef = ED010CE72A68ACA5000FFFB6 /* AppState.swift */; };
		ED010CEB2A6A0E69000FFFB6 /* LaunchScreen.storyboard in Resources */ = {isa = PBXBuildFile; fileRef = ED010CEA2A6A0E69000FFFB6 /* LaunchScreen.storyboard */; };
		ED058F812AA6B83F0004EF20 /* BaseUITest.swift in Sources */ = {isa = PBXBuildFile; fileRef = ED058F802AA6B83F0004EF20 /* BaseUITest.swift */; };
		ED2A08512A11A5FF002AC216 /* SettingsOptionRow.swift in Sources */ = {isa = PBXBuildFile; fileRef = ED2A08502A11A5FF002AC216 /* SettingsOptionRow.swift */; };
		ED2B03F82A08881F00AA8ABB /* Animation+Extension.swift in Sources */ = {isa = PBXBuildFile; fileRef = ED2B03F72A08881F00AA8ABB /* Animation+Extension.swift */; };
		ED2B03FB2A0B26BA00AA8ABB /* SettingsView.swift in Sources */ = {isa = PBXBuildFile; fileRef = ED2B03FA2A0B26BA00AA8ABB /* SettingsView.swift */; };
		ED2B03FD2A0B2A7300AA8ABB /* SettingsViewModel.swift in Sources */ = {isa = PBXBuildFile; fileRef = ED2B03FC2A0B2A7300AA8ABB /* SettingsViewModel.swift */; };
		ED2B03FF2A0B2A8600AA8ABB /* SettingsOption.swift in Sources */ = {isa = PBXBuildFile; fileRef = ED2B03FE2A0B2A8600AA8ABB /* SettingsOption.swift */; };
		ED3166702A00B0EF003DB752 /* CircleCheckmarkView.swift in Sources */ = {isa = PBXBuildFile; fileRef = ED31666F2A00B0EF003DB752 /* CircleCheckmarkView.swift */; };
		ED3166722A00B467003DB752 /* DeleteIconView.swift in Sources */ = {isa = PBXBuildFile; fileRef = ED3166712A00B467003DB752 /* DeleteIconView.swift */; };
		ED42579129A456CB0064F8AA /* AnimatedLogo.svg in Resources */ = {isa = PBXBuildFile; fileRef = ED42579029A456CB0064F8AA /* AnimatedLogo.svg */; };
		ED4CE53E2991A998005A4737 /* AddTodoSheetView.swift in Sources */ = {isa = PBXBuildFile; fileRef = ED4CE53D2991A998005A4737 /* AddTodoSheetView.swift */; };
		ED4CE5402991B3B9005A4737 /* EmptyListViewModifier.swift in Sources */ = {isa = PBXBuildFile; fileRef = ED4CE53F2991B3B9005A4737 /* EmptyListViewModifier.swift */; };
		ED4CE5432992F04B005A4737 /* HomeViewModel.swift in Sources */ = {isa = PBXBuildFile; fileRef = ED4CE5422992F04B005A4737 /* HomeViewModel.swift */; };
		ED4CE54A29946595005A4737 /* Andika-Regular.ttf in Resources */ = {isa = PBXBuildFile; fileRef = ED4CE54629946595005A4737 /* Andika-Regular.ttf */; };
		ED4CE54B29946595005A4737 /* Andika-Bold.ttf in Resources */ = {isa = PBXBuildFile; fileRef = ED4CE54729946595005A4737 /* Andika-Bold.ttf */; };
		ED4CE54C29946595005A4737 /* Andika-Italic.ttf in Resources */ = {isa = PBXBuildFile; fileRef = ED4CE54829946595005A4737 /* Andika-Italic.ttf */; };
		ED4CE54D29946595005A4737 /* Andika-BoldItalic.ttf in Resources */ = {isa = PBXBuildFile; fileRef = ED4CE54929946595005A4737 /* Andika-BoldItalic.ttf */; };
		ED4CE553299469D6005A4737 /* KTSFonts.swift in Sources */ = {isa = PBXBuildFile; fileRef = ED4CE552299469D6005A4737 /* KTSFonts.swift */; };
		ED6B13352995D0C100634B47 /* CircularProgressView.swift in Sources */ = {isa = PBXBuildFile; fileRef = ED6B13342995D0C100634B47 /* CircularProgressView.swift */; };
		ED700B1A2A8035AC00388BC2 /* UIDevice+Extension.swift in Sources */ = {isa = PBXBuildFile; fileRef = ED700B192A8035AC00388BC2 /* UIDevice+Extension.swift */; };
		ED700B1C2A803B1000388BC2 /* DayTabDestination.swift in Sources */ = {isa = PBXBuildFile; fileRef = ED700B1B2A803B1000388BC2 /* DayTabDestination.swift */; };
		ED81A100298321A700556661 /* Kick_the_SheetsApp.swift in Sources */ = {isa = PBXBuildFile; fileRef = ED81A0FF298321A700556661 /* Kick_the_SheetsApp.swift */; };
		ED81A102298321A700556661 /* ContentView.swift in Sources */ = {isa = PBXBuildFile; fileRef = ED81A101298321A700556661 /* ContentView.swift */; };
		ED81A104298321A800556661 /* Assets.xcassets in Resources */ = {isa = PBXBuildFile; fileRef = ED81A103298321A800556661 /* Assets.xcassets */; };
		ED81A11B298321A800556661 /* AppLaunchUITests.swift in Sources */ = {isa = PBXBuildFile; fileRef = ED81A11A298321A800556661 /* AppLaunchUITests.swift */; };
		ED81A12F2983225000556661 /* SQLite in Frameworks */ = {isa = PBXBuildFile; productRef = ED81A12E2983225000556661 /* SQLite */; };
		ED81A13A2983229800556661 /* GeneralTodoService.swift in Sources */ = {isa = PBXBuildFile; fileRef = ED81A1332983229800556661 /* GeneralTodoService.swift */; };
		ED81A13B2983229800556661 /* Day.swift in Sources */ = {isa = PBXBuildFile; fileRef = ED81A1352983229800556661 /* Day.swift */; };
		ED81A13C2983229800556661 /* Todo.swift in Sources */ = {isa = PBXBuildFile; fileRef = ED81A1362983229800556661 /* Todo.swift */; };
		ED81A13D2983229800556661 /* DbDay.swift in Sources */ = {isa = PBXBuildFile; fileRef = ED81A1382983229800556661 /* DbDay.swift */; };
		ED81A13E2983229800556661 /* DbTodo.swift in Sources */ = {isa = PBXBuildFile; fileRef = ED81A1392983229800556661 /* DbTodo.swift */; };
		ED81A14A2983247900556661 /* Date+Extension.swift in Sources */ = {isa = PBXBuildFile; fileRef = ED81A1442983247800556661 /* Date+Extension.swift */; };
		ED81A14C2983247900556661 /* Home.swift in Sources */ = {isa = PBXBuildFile; fileRef = ED81A1472983247800556661 /* Home.swift */; };
		ED81A14D2983247900556661 /* DayView.swift in Sources */ = {isa = PBXBuildFile; fileRef = ED81A1482983247800556661 /* DayView.swift */; };
		ED81A14E2983247900556661 /* BaseView.swift in Sources */ = {isa = PBXBuildFile; fileRef = ED81A1492983247900556661 /* BaseView.swift */; };
		ED81A151298324F300556661 /* KTSColors.swift in Sources */ = {isa = PBXBuildFile; fileRef = ED81A150298324F300556661 /* KTSColors.swift */; };
		ED81A1562983699600556661 /* RoundedButton.swift in Sources */ = {isa = PBXBuildFile; fileRef = ED81A1552983699600556661 /* RoundedButton.swift */; };
		ED81A1582983745700556661 /* Todo+Extension.swift in Sources */ = {isa = PBXBuildFile; fileRef = ED81A1572983745700556661 /* Todo+Extension.swift */; };
		ED81A15A2983793500556661 /* View+Extension.swift in Sources */ = {isa = PBXBuildFile; fileRef = ED81A1592983793500556661 /* View+Extension.swift */; };
		ED81A15C298862EC00556661 /* TodoRow.swift in Sources */ = {isa = PBXBuildFile; fileRef = ED81A15B298862EC00556661 /* TodoRow.swift */; };
		ED81A15F298F245400556661 /* String+Extension.swift in Sources */ = {isa = PBXBuildFile; fileRef = ED81A15E298F245400556661 /* String+Extension.swift */; };
		ED84D49829D70CAE0094CF09 /* Tab.swift in Sources */ = {isa = PBXBuildFile; fileRef = ED84D49729D70CAE0094CF09 /* Tab.swift */; };
		ED84D49B29D9C67C0094CF09 /* BottomNavigationBar.swift in Sources */ = {isa = PBXBuildFile; fileRef = ED84D49A29D9C67C0094CF09 /* BottomNavigationBar.swift */; };
		ED84D49D29DA3A790094CF09 /* AnimatedIndicator.swift in Sources */ = {isa = PBXBuildFile; fileRef = ED84D49C29DA3A790094CF09 /* AnimatedIndicator.swift */; };
		EDAC5B6B2AA54838009A9BB2 /* DayViewUITests.swift in Sources */ = {isa = PBXBuildFile; fileRef = EDAC5B6A2AA54838009A9BB2 /* DayViewUITests.swift */; };
		EDBE54A22A83AFC60012754A /* AppStateTests.swift in Sources */ = {isa = PBXBuildFile; fileRef = EDBE54A12A83AFC60012754A /* AppStateTests.swift */; };
		EDBE54A62A85765C0012754A /* Preview Content.xcassets in Resources */ = {isa = PBXBuildFile; fileRef = EDBE54A52A85765C0012754A /* Preview Content.xcassets */; };
		EDBE54A92A85CFEC0012754A /* TodoServiceTests.swift in Sources */ = {isa = PBXBuildFile; fileRef = EDBE54A82A85CFEC0012754A /* TodoServiceTests.swift */; };
		EDBE54AC2A959AAE0012754A /* TodoMigrationService.swift in Sources */ = {isa = PBXBuildFile; fileRef = EDBE54AB2A959AAE0012754A /* TodoMigrationService.swift */; };
		EDBE54AE2A959B6E0012754A /* TodoMigrationServiceTests.swift in Sources */ = {isa = PBXBuildFile; fileRef = EDBE54AD2A959B6E0012754A /* TodoMigrationServiceTests.swift */; };
		EDC17F812AA426150063166F /* CalendarViewModel.swift in Sources */ = {isa = PBXBuildFile; fileRef = EDC17F802AA426150063166F /* CalendarViewModel.swift */; };
		EDC343852A9D7BC60072896F /* CalendarView.swift in Sources */ = {isa = PBXBuildFile; fileRef = EDC343842A9D7BC60072896F /* CalendarView.swift */; };
		EDC343892AA1FE440072896F /* CalendarGridView.swift in Sources */ = {isa = PBXBuildFile; fileRef = EDC343882AA1FE440072896F /* CalendarGridView.swift */; };
		EDC3438B2AA1FE6D0072896F /* CalendarCell.swift in Sources */ = {isa = PBXBuildFile; fileRef = EDC3438A2AA1FE6D0072896F /* CalendarCell.swift */; };
		EDC3438E2AA1FEF50072896F /* Months.swift in Sources */ = {isa = PBXBuildFile; fileRef = EDC3438D2AA1FEF50072896F /* Months.swift */; };
		EDC343902AA1FEFC0072896F /* WeekDays.swift in Sources */ = {isa = PBXBuildFile; fileRef = EDC3438F2AA1FEFC0072896F /* WeekDays.swift */; };
		EDC343952AA3BF290072896F /* CalendarHelper.swift in Sources */ = {isa = PBXBuildFile; fileRef = EDC343942AA3BF290072896F /* CalendarHelper.swift */; };
		EDE510482A1861C9003F8353 /* AboutStrings.swift in Sources */ = {isa = PBXBuildFile; fileRef = EDE510472A1861C9003F8353 /* AboutStrings.swift */; };
		EDE5104A2A23134C003F8353 /* Colors.xcassets in Resources */ = {isa = PBXBuildFile; fileRef = EDE510492A23134C003F8353 /* Colors.xcassets */; };
/* End PBXBuildFile section */

/* Begin PBXContainerItemProxy section */
		ED81A10D298321A800556661 /* PBXContainerItemProxy */ = {
			isa = PBXContainerItemProxy;
			containerPortal = ED81A0F4298321A700556661 /* Project object */;
			proxyType = 1;
			remoteGlobalIDString = ED81A0FB298321A700556661;
			remoteInfo = "Kick the Sheets";
		};
		ED81A117298321A800556661 /* PBXContainerItemProxy */ = {
			isa = PBXContainerItemProxy;
			containerPortal = ED81A0F4298321A700556661 /* Project object */;
			proxyType = 1;
			remoteGlobalIDString = ED81A0FB298321A700556661;
			remoteInfo = "Kick the Sheets";
		};
/* End PBXContainerItemProxy section */

/* Begin PBXFileReference section */
		ED010CE72A68ACA5000FFFB6 /* AppState.swift */ = {isa = PBXFileReference; lastKnownFileType = sourcecode.swift; path = AppState.swift; sourceTree = "<group>"; };
		ED010CEA2A6A0E69000FFFB6 /* LaunchScreen.storyboard */ = {isa = PBXFileReference; lastKnownFileType = file.storyboard; path = LaunchScreen.storyboard; sourceTree = "<group>"; };
		ED058F802AA6B83F0004EF20 /* BaseUITest.swift */ = {isa = PBXFileReference; lastKnownFileType = sourcecode.swift; path = BaseUITest.swift; sourceTree = "<group>"; };
		ED2A08502A11A5FF002AC216 /* SettingsOptionRow.swift */ = {isa = PBXFileReference; lastKnownFileType = sourcecode.swift; path = SettingsOptionRow.swift; sourceTree = "<group>"; };
		ED2B03F72A08881F00AA8ABB /* Animation+Extension.swift */ = {isa = PBXFileReference; lastKnownFileType = sourcecode.swift; path = "Animation+Extension.swift"; sourceTree = "<group>"; };
		ED2B03FA2A0B26BA00AA8ABB /* SettingsView.swift */ = {isa = PBXFileReference; lastKnownFileType = sourcecode.swift; path = SettingsView.swift; sourceTree = "<group>"; };
		ED2B03FC2A0B2A7300AA8ABB /* SettingsViewModel.swift */ = {isa = PBXFileReference; lastKnownFileType = sourcecode.swift; path = SettingsViewModel.swift; sourceTree = "<group>"; };
		ED2B03FE2A0B2A8600AA8ABB /* SettingsOption.swift */ = {isa = PBXFileReference; lastKnownFileType = sourcecode.swift; path = SettingsOption.swift; sourceTree = "<group>"; };
		ED31666F2A00B0EF003DB752 /* CircleCheckmarkView.swift */ = {isa = PBXFileReference; lastKnownFileType = sourcecode.swift; path = CircleCheckmarkView.swift; sourceTree = "<group>"; };
		ED3166712A00B467003DB752 /* DeleteIconView.swift */ = {isa = PBXFileReference; lastKnownFileType = sourcecode.swift; path = DeleteIconView.swift; sourceTree = "<group>"; };
		ED42579029A456CB0064F8AA /* AnimatedLogo.svg */ = {isa = PBXFileReference; fileEncoding = 4; lastKnownFileType = text; path = AnimatedLogo.svg; sourceTree = "<group>"; };
		ED4CE53D2991A998005A4737 /* AddTodoSheetView.swift */ = {isa = PBXFileReference; lastKnownFileType = sourcecode.swift; path = AddTodoSheetView.swift; sourceTree = "<group>"; };
		ED4CE53F2991B3B9005A4737 /* EmptyListViewModifier.swift */ = {isa = PBXFileReference; lastKnownFileType = sourcecode.swift; path = EmptyListViewModifier.swift; sourceTree = "<group>"; };
		ED4CE5422992F04B005A4737 /* HomeViewModel.swift */ = {isa = PBXFileReference; lastKnownFileType = sourcecode.swift; path = HomeViewModel.swift; sourceTree = "<group>"; };
		ED4CE54629946595005A4737 /* Andika-Regular.ttf */ = {isa = PBXFileReference; lastKnownFileType = file; path = "Andika-Regular.ttf"; sourceTree = "<group>"; };
		ED4CE54729946595005A4737 /* Andika-Bold.ttf */ = {isa = PBXFileReference; lastKnownFileType = file; path = "Andika-Bold.ttf"; sourceTree = "<group>"; };
		ED4CE54829946595005A4737 /* Andika-Italic.ttf */ = {isa = PBXFileReference; lastKnownFileType = file; path = "Andika-Italic.ttf"; sourceTree = "<group>"; };
		ED4CE54929946595005A4737 /* Andika-BoldItalic.ttf */ = {isa = PBXFileReference; lastKnownFileType = file; path = "Andika-BoldItalic.ttf"; sourceTree = "<group>"; };
		ED4CE54F299465F8005A4737 /* Kick-the-Sheets-Info.plist */ = {isa = PBXFileReference; lastKnownFileType = text.plist; path = "Kick-the-Sheets-Info.plist"; sourceTree = SOURCE_ROOT; };
		ED4CE552299469D6005A4737 /* KTSFonts.swift */ = {isa = PBXFileReference; lastKnownFileType = sourcecode.swift; path = KTSFonts.swift; sourceTree = "<group>"; };
		ED6B13342995D0C100634B47 /* CircularProgressView.swift */ = {isa = PBXFileReference; lastKnownFileType = sourcecode.swift; path = CircularProgressView.swift; sourceTree = "<group>"; };
		ED700B192A8035AC00388BC2 /* UIDevice+Extension.swift */ = {isa = PBXFileReference; lastKnownFileType = sourcecode.swift; path = "UIDevice+Extension.swift"; sourceTree = "<group>"; };
		ED700B1B2A803B1000388BC2 /* DayTabDestination.swift */ = {isa = PBXFileReference; lastKnownFileType = sourcecode.swift; path = DayTabDestination.swift; sourceTree = "<group>"; };
		ED81A0FC298321A700556661 /* Kick the Sheets.app */ = {isa = PBXFileReference; explicitFileType = wrapper.application; includeInIndex = 0; path = "Kick the Sheets.app"; sourceTree = BUILT_PRODUCTS_DIR; };
		ED81A0FF298321A700556661 /* Kick_the_SheetsApp.swift */ = {isa = PBXFileReference; lastKnownFileType = sourcecode.swift; path = Kick_the_SheetsApp.swift; sourceTree = "<group>"; };
		ED81A101298321A700556661 /* ContentView.swift */ = {isa = PBXFileReference; lastKnownFileType = sourcecode.swift; path = ContentView.swift; sourceTree = "<group>"; };
		ED81A103298321A800556661 /* Assets.xcassets */ = {isa = PBXFileReference; lastKnownFileType = folder.assetcatalog; path = Assets.xcassets; sourceTree = "<group>"; };
		ED81A10C298321A800556661 /* Kick the SheetsTests.xctest */ = {isa = PBXFileReference; explicitFileType = wrapper.cfbundle; includeInIndex = 0; path = "Kick the SheetsTests.xctest"; sourceTree = BUILT_PRODUCTS_DIR; };
		ED81A116298321A800556661 /* Kick the SheetsUITests.xctest */ = {isa = PBXFileReference; explicitFileType = wrapper.cfbundle; includeInIndex = 0; path = "Kick the SheetsUITests.xctest"; sourceTree = BUILT_PRODUCTS_DIR; };
		ED81A11A298321A800556661 /* AppLaunchUITests.swift */ = {isa = PBXFileReference; lastKnownFileType = sourcecode.swift; path = AppLaunchUITests.swift; sourceTree = "<group>"; };
		ED81A1332983229800556661 /* GeneralTodoService.swift */ = {isa = PBXFileReference; fileEncoding = 4; lastKnownFileType = sourcecode.swift; path = GeneralTodoService.swift; sourceTree = "<group>"; };
		ED81A1352983229800556661 /* Day.swift */ = {isa = PBXFileReference; fileEncoding = 4; lastKnownFileType = sourcecode.swift; path = Day.swift; sourceTree = "<group>"; };
		ED81A1362983229800556661 /* Todo.swift */ = {isa = PBXFileReference; fileEncoding = 4; lastKnownFileType = sourcecode.swift; path = Todo.swift; sourceTree = "<group>"; };
		ED81A1382983229800556661 /* DbDay.swift */ = {isa = PBXFileReference; fileEncoding = 4; lastKnownFileType = sourcecode.swift; path = DbDay.swift; sourceTree = "<group>"; };
		ED81A1392983229800556661 /* DbTodo.swift */ = {isa = PBXFileReference; fileEncoding = 4; lastKnownFileType = sourcecode.swift; path = DbTodo.swift; sourceTree = "<group>"; };
		ED81A1442983247800556661 /* Date+Extension.swift */ = {isa = PBXFileReference; fileEncoding = 4; lastKnownFileType = sourcecode.swift; path = "Date+Extension.swift"; sourceTree = "<group>"; };
		ED81A1472983247800556661 /* Home.swift */ = {isa = PBXFileReference; fileEncoding = 4; lastKnownFileType = sourcecode.swift; path = Home.swift; sourceTree = "<group>"; };
		ED81A1482983247800556661 /* DayView.swift */ = {isa = PBXFileReference; fileEncoding = 4; lastKnownFileType = sourcecode.swift; path = DayView.swift; sourceTree = "<group>"; };
		ED81A1492983247900556661 /* BaseView.swift */ = {isa = PBXFileReference; fileEncoding = 4; lastKnownFileType = sourcecode.swift; path = BaseView.swift; sourceTree = "<group>"; };
		ED81A150298324F300556661 /* KTSColors.swift */ = {isa = PBXFileReference; lastKnownFileType = sourcecode.swift; path = KTSColors.swift; sourceTree = "<group>"; };
		ED81A1552983699600556661 /* RoundedButton.swift */ = {isa = PBXFileReference; lastKnownFileType = sourcecode.swift; path = RoundedButton.swift; sourceTree = "<group>"; };
		ED81A1572983745700556661 /* Todo+Extension.swift */ = {isa = PBXFileReference; lastKnownFileType = sourcecode.swift; path = "Todo+Extension.swift"; sourceTree = "<group>"; };
		ED81A1592983793500556661 /* View+Extension.swift */ = {isa = PBXFileReference; lastKnownFileType = sourcecode.swift; path = "View+Extension.swift"; sourceTree = "<group>"; };
		ED81A15B298862EC00556661 /* TodoRow.swift */ = {isa = PBXFileReference; lastKnownFileType = sourcecode.swift; path = TodoRow.swift; sourceTree = "<group>"; };
		ED81A15E298F245400556661 /* String+Extension.swift */ = {isa = PBXFileReference; lastKnownFileType = sourcecode.swift; path = "String+Extension.swift"; sourceTree = "<group>"; };
		ED84D49729D70CAE0094CF09 /* Tab.swift */ = {isa = PBXFileReference; lastKnownFileType = sourcecode.swift; path = Tab.swift; sourceTree = "<group>"; };
		ED84D49A29D9C67C0094CF09 /* BottomNavigationBar.swift */ = {isa = PBXFileReference; lastKnownFileType = sourcecode.swift; path = BottomNavigationBar.swift; sourceTree = "<group>"; };
		ED84D49C29DA3A790094CF09 /* AnimatedIndicator.swift */ = {isa = PBXFileReference; lastKnownFileType = sourcecode.swift; path = AnimatedIndicator.swift; sourceTree = "<group>"; };
		EDAC5B6A2AA54838009A9BB2 /* DayViewUITests.swift */ = {isa = PBXFileReference; lastKnownFileType = sourcecode.swift; path = DayViewUITests.swift; sourceTree = "<group>"; };
		EDBE54A12A83AFC60012754A /* AppStateTests.swift */ = {isa = PBXFileReference; lastKnownFileType = sourcecode.swift; path = AppStateTests.swift; sourceTree = "<group>"; };
		EDBE54A52A85765C0012754A /* Preview Content.xcassets */ = {isa = PBXFileReference; lastKnownFileType = folder.assetcatalog; path = "Preview Content.xcassets"; sourceTree = "<group>"; };
		EDBE54A82A85CFEC0012754A /* TodoServiceTests.swift */ = {isa = PBXFileReference; lastKnownFileType = sourcecode.swift; path = TodoServiceTests.swift; sourceTree = "<group>"; };
		EDBE54AB2A959AAE0012754A /* TodoMigrationService.swift */ = {isa = PBXFileReference; lastKnownFileType = sourcecode.swift; path = TodoMigrationService.swift; sourceTree = "<group>"; };
		EDBE54AD2A959B6E0012754A /* TodoMigrationServiceTests.swift */ = {isa = PBXFileReference; lastKnownFileType = sourcecode.swift; path = TodoMigrationServiceTests.swift; sourceTree = "<group>"; };
		EDC17F802AA426150063166F /* CalendarViewModel.swift */ = {isa = PBXFileReference; lastKnownFileType = sourcecode.swift; path = CalendarViewModel.swift; sourceTree = "<group>"; };
		EDC343842A9D7BC60072896F /* CalendarView.swift */ = {isa = PBXFileReference; lastKnownFileType = sourcecode.swift; path = CalendarView.swift; sourceTree = "<group>"; };
		EDC343882AA1FE440072896F /* CalendarGridView.swift */ = {isa = PBXFileReference; lastKnownFileType = sourcecode.swift; path = CalendarGridView.swift; sourceTree = "<group>"; };
		EDC3438A2AA1FE6D0072896F /* CalendarCell.swift */ = {isa = PBXFileReference; lastKnownFileType = sourcecode.swift; path = CalendarCell.swift; sourceTree = "<group>"; };
		EDC3438D2AA1FEF50072896F /* Months.swift */ = {isa = PBXFileReference; lastKnownFileType = sourcecode.swift; path = Months.swift; sourceTree = "<group>"; };
		EDC3438F2AA1FEFC0072896F /* WeekDays.swift */ = {isa = PBXFileReference; lastKnownFileType = sourcecode.swift; path = WeekDays.swift; sourceTree = "<group>"; };
		EDC343942AA3BF290072896F /* CalendarHelper.swift */ = {isa = PBXFileReference; lastKnownFileType = sourcecode.swift; path = CalendarHelper.swift; sourceTree = "<group>"; };
		EDE510472A1861C9003F8353 /* AboutStrings.swift */ = {isa = PBXFileReference; lastKnownFileType = sourcecode.swift; path = AboutStrings.swift; sourceTree = "<group>"; };
		EDE510492A23134C003F8353 /* Colors.xcassets */ = {isa = PBXFileReference; lastKnownFileType = folder.assetcatalog; path = Colors.xcassets; sourceTree = "<group>"; };
/* End PBXFileReference section */

/* Begin PBXFrameworksBuildPhase section */
		ED81A0F9298321A700556661 /* Frameworks */ = {
			isa = PBXFrameworksBuildPhase;
			buildActionMask = 2147483647;
			files = (
				ED81A12F2983225000556661 /* SQLite in Frameworks */,
			);
			runOnlyForDeploymentPostprocessing = 0;
		};
		ED81A109298321A800556661 /* Frameworks */ = {
			isa = PBXFrameworksBuildPhase;
			buildActionMask = 2147483647;
			files = (
			);
			runOnlyForDeploymentPostprocessing = 0;
		};
		ED81A113298321A800556661 /* Frameworks */ = {
			isa = PBXFrameworksBuildPhase;
			buildActionMask = 2147483647;
			files = (
			);
			runOnlyForDeploymentPostprocessing = 0;
		};
/* End PBXFrameworksBuildPhase section */

/* Begin PBXGroup section */
		ED010CE92A6A0E54000FFFB6 /* Storyboards */ = {
			isa = PBXGroup;
			children = (
				ED010CEA2A6A0E69000FFFB6 /* LaunchScreen.storyboard */,
			);
			path = Storyboards;
			sourceTree = "<group>";
		};
		ED2B03F92A0B26A800AA8ABB /* Settings */ = {
			isa = PBXGroup;
			children = (
				ED2B03FA2A0B26BA00AA8ABB /* SettingsView.swift */,
				EDE510472A1861C9003F8353 /* AboutStrings.swift */,
				ED2A08502A11A5FF002AC216 /* SettingsOptionRow.swift */,
				ED2B03FE2A0B2A8600AA8ABB /* SettingsOption.swift */,
			);
			path = Settings;
			sourceTree = "<group>";
		};
		ED4CE5412992EF85005A4737 /* ViewModels */ = {
			isa = PBXGroup;
			children = (
				ED2B03FC2A0B2A7300AA8ABB /* SettingsViewModel.swift */,
				ED4CE5422992F04B005A4737 /* HomeViewModel.swift */,
				ED010CE72A68ACA5000FFFB6 /* AppState.swift */,
				EDC17F802AA426150063166F /* CalendarViewModel.swift */,
			);
			path = ViewModels;
			sourceTree = "<group>";
		};
		ED4CE54E2994659E005A4737 /* Fonts */ = {
			isa = PBXGroup;
			children = (
				ED4CE54729946595005A4737 /* Andika-Bold.ttf */,
				ED4CE54929946595005A4737 /* Andika-BoldItalic.ttf */,
				ED4CE54829946595005A4737 /* Andika-Italic.ttf */,
				ED4CE54629946595005A4737 /* Andika-Regular.ttf */,
			);
			path = Fonts;
			sourceTree = "<group>";
		};
		ED6B13332995D0AE00634B47 /* CircularProgressView */ = {
			isa = PBXGroup;
			children = (
				ED6B13342995D0C100634B47 /* CircularProgressView.swift */,
			);
			path = CircularProgressView;
			sourceTree = "<group>";
		};
		ED81A0F3298321A700556661 = {
			isa = PBXGroup;
			children = (
				EDBE54A42A85764C0012754A /* Preview Content */,
				ED81A0FE298321A700556661 /* Kick the Sheets */,
				ED81A10F298321A800556661 /* Kick the SheetsTests */,
				ED81A119298321A800556661 /* Kick the SheetsUITests */,
				ED81A0FD298321A700556661 /* Products */,
			);
			sourceTree = "<group>";
		};
		ED81A0FD298321A700556661 /* Products */ = {
			isa = PBXGroup;
			children = (
				ED81A0FC298321A700556661 /* Kick the Sheets.app */,
				ED81A10C298321A800556661 /* Kick the SheetsTests.xctest */,
				ED81A116298321A800556661 /* Kick the SheetsUITests.xctest */,
			);
			name = Products;
			sourceTree = "<group>";
		};
		ED81A0FE298321A700556661 /* Kick the Sheets */ = {
			isa = PBXGroup;
			children = (
				ED010CE92A6A0E54000FFFB6 /* Storyboards */,
				ED4CE54F299465F8005A4737 /* Kick-the-Sheets-Info.plist */,
				ED81A101298321A700556661 /* ContentView.swift */,
				ED81A0FF298321A700556661 /* Kick_the_SheetsApp.swift */,
				EDBE54AA2A959AA20012754A /* Services */,
				ED81A14F298324C900556661 /* Assets */,
				ED81A129298321DF00556661 /* Database */,
				ED81A1432983247800556661 /* Extensions */,
				ED84D49629D70C900094CF09 /* Models */,
				EDBE54A72A8579F00012754A /* Preview Content */,
				ED4CE5412992EF85005A4737 /* ViewModels */,
				ED81A1452983247800556661 /* Views */,
			);
			path = "Kick the Sheets";
			sourceTree = "<group>";
		};
		ED81A10F298321A800556661 /* Kick the SheetsTests */ = {
			isa = PBXGroup;
			children = (
				EDBE54A12A83AFC60012754A /* AppStateTests.swift */,
				EDBE54A82A85CFEC0012754A /* TodoServiceTests.swift */,
				EDBE54AD2A959B6E0012754A /* TodoMigrationServiceTests.swift */,
			);
			path = "Kick the SheetsTests";
			sourceTree = "<group>";
		};
		ED81A119298321A800556661 /* Kick the SheetsUITests */ = {
			isa = PBXGroup;
			children = (
				ED81A11A298321A800556661 /* AppLaunchUITests.swift */,
				EDAC5B6A2AA54838009A9BB2 /* DayViewUITests.swift */,
				ED058F802AA6B83F0004EF20 /* BaseUITest.swift */,
			);
			path = "Kick the SheetsUITests";
			sourceTree = "<group>";
		};
		ED81A129298321DF00556661 /* Database */ = {
			isa = PBXGroup;
			children = (
				ED81A1372983229800556661 /* Entities */,
				ED81A1342983229800556661 /* Models */,
				ED81A1332983229800556661 /* GeneralTodoService.swift */,
			);
			path = Database;
			sourceTree = "<group>";
		};
		ED81A1342983229800556661 /* Models */ = {
			isa = PBXGroup;
			children = (
				ED81A1352983229800556661 /* Day.swift */,
				ED81A1362983229800556661 /* Todo.swift */,
			);
			path = Models;
			sourceTree = "<group>";
		};
		ED81A1372983229800556661 /* Entities */ = {
			isa = PBXGroup;
			children = (
				ED81A1382983229800556661 /* DbDay.swift */,
				ED81A1392983229800556661 /* DbTodo.swift */,
			);
			path = Entities;
			sourceTree = "<group>";
		};
		ED81A1432983247800556661 /* Extensions */ = {
			isa = PBXGroup;
			children = (
				ED81A1442983247800556661 /* Date+Extension.swift */,
				ED4CE53F2991B3B9005A4737 /* EmptyListViewModifier.swift */,
				ED81A15E298F245400556661 /* String+Extension.swift */,
				ED81A1572983745700556661 /* Todo+Extension.swift */,
				ED81A1592983793500556661 /* View+Extension.swift */,
				ED2B03F72A08881F00AA8ABB /* Animation+Extension.swift */,
				ED700B192A8035AC00388BC2 /* UIDevice+Extension.swift */,
			);
			name = Extensions;
			path = "Kick the Sheets/Extensions";
			sourceTree = SOURCE_ROOT;
		};
		ED81A1452983247800556661 /* Views */ = {
			isa = PBXGroup;
			children = (
				EDC343832A9D7BA90072896F /* CalendarView */,
				ED2B03F92A0B26A800AA8ABB /* Settings */,
				ED84D49929D9C66C0094CF09 /* BottomNavigationBar */,
				ED6B13332995D0AE00634B47 /* CircularProgressView */,
				ED81A1522983255C00556661 /* Home */,
				ED81A1542983698700556661 /* Shared */,
				ED81A1532983256300556661 /* TodoView */,
			);
			name = Views;
			path = "Kick the Sheets/Views";
			sourceTree = SOURCE_ROOT;
		};
		ED81A14F298324C900556661 /* Assets */ = {
			isa = PBXGroup;
			children = (
				ED4CE54E2994659E005A4737 /* Fonts */,
				ED81A103298321A800556661 /* Assets.xcassets */,
				ED42579029A456CB0064F8AA /* AnimatedLogo.svg */,
				ED81A150298324F300556661 /* KTSColors.swift */,
				ED4CE552299469D6005A4737 /* KTSFonts.swift */,
				EDE510492A23134C003F8353 /* Colors.xcassets */,
			);
			path = Assets;
			sourceTree = "<group>";
		};
		ED81A1522983255C00556661 /* Home */ = {
			isa = PBXGroup;
			children = (
				ED81A1472983247800556661 /* Home.swift */,
			);
			path = Home;
			sourceTree = "<group>";
		};
		ED81A1532983256300556661 /* TodoView */ = {
			isa = PBXGroup;
			children = (
				ED3166712A00B467003DB752 /* DeleteIconView.swift */,
				ED4CE53D2991A998005A4737 /* AddTodoSheetView.swift */,
				ED81A1482983247800556661 /* DayView.swift */,
				ED81A15B298862EC00556661 /* TodoRow.swift */,
				ED31666F2A00B0EF003DB752 /* CircleCheckmarkView.swift */,
			);
			path = TodoView;
			sourceTree = "<group>";
		};
		ED81A1542983698700556661 /* Shared */ = {
			isa = PBXGroup;
			children = (
				ED81A1492983247900556661 /* BaseView.swift */,
				ED81A1552983699600556661 /* RoundedButton.swift */,
			);
			path = Shared;
			sourceTree = "<group>";
		};
		ED84D49629D70C900094CF09 /* Models */ = {
			isa = PBXGroup;
			children = (
				ED84D49729D70CAE0094CF09 /* Tab.swift */,
				ED700B1B2A803B1000388BC2 /* DayTabDestination.swift */,
			);
			path = Models;
			sourceTree = "<group>";
		};
		ED84D49929D9C66C0094CF09 /* BottomNavigationBar */ = {
			isa = PBXGroup;
			children = (
				ED84D49A29D9C67C0094CF09 /* BottomNavigationBar.swift */,
				ED84D49C29DA3A790094CF09 /* AnimatedIndicator.swift */,
			);
			path = BottomNavigationBar;
			sourceTree = "<group>";
		};
		EDBE54A42A85764C0012754A /* Preview Content */ = {
			isa = PBXGroup;
			children = (
			);
			name = "Preview Content";
			path = "Kick the Sheets/Preview Content";
			sourceTree = "<group>";
		};
		EDBE54A72A8579F00012754A /* Preview Content */ = {
			isa = PBXGroup;
			children = (
				EDBE54A52A85765C0012754A /* Preview Content.xcassets */,
			);
			path = "Preview Content";
			sourceTree = "<group>";
		};
		EDBE54AA2A959AA20012754A /* Services */ = {
			isa = PBXGroup;
			children = (
				EDBE54AB2A959AAE0012754A /* TodoMigrationService.swift */,
			);
			path = Services;
			sourceTree = "<group>";
		};
		EDC343832A9D7BA90072896F /* CalendarView */ = {
			isa = PBXGroup;
			children = (
				EDC3438C2AA1FEEB0072896F /* Enums */,
				EDC343842A9D7BC60072896F /* CalendarView.swift */,
				EDC3438A2AA1FE6D0072896F /* CalendarCell.swift */,
				EDC343882AA1FE440072896F /* CalendarGridView.swift */,
				EDC343942AA3BF290072896F /* CalendarHelper.swift */,
			);
			path = CalendarView;
			sourceTree = "<group>";
		};
		EDC3438C2AA1FEEB0072896F /* Enums */ = {
			isa = PBXGroup;
			children = (
				EDC3438D2AA1FEF50072896F /* Months.swift */,
				EDC3438F2AA1FEFC0072896F /* WeekDays.swift */,
			);
			path = Enums;
			sourceTree = "<group>";
		};
/* End PBXGroup section */

/* Begin PBXNativeTarget section */
		ED81A0FB298321A700556661 /* Kick the Sheets */ = {
			isa = PBXNativeTarget;
			buildConfigurationList = ED81A120298321A800556661 /* Build configuration list for PBXNativeTarget "Kick the Sheets" */;
			buildPhases = (
				ED81A0F8298321A700556661 /* Sources */,
				ED81A0F9298321A700556661 /* Frameworks */,
				ED81A0FA298321A700556661 /* Resources */,
			);
			buildRules = (
			);
			dependencies = (
			);
			name = "Kick the Sheets";
			packageProductDependencies = (
				ED81A12E2983225000556661 /* SQLite */,
			);
			productName = "Kick the Sheets";
			productReference = ED81A0FC298321A700556661 /* Kick the Sheets.app */;
			productType = "com.apple.product-type.application";
		};
		ED81A10B298321A800556661 /* Kick the SheetsTests */ = {
			isa = PBXNativeTarget;
			buildConfigurationList = ED81A123298321A800556661 /* Build configuration list for PBXNativeTarget "Kick the SheetsTests" */;
			buildPhases = (
				ED81A108298321A800556661 /* Sources */,
				ED81A109298321A800556661 /* Frameworks */,
				ED81A10A298321A800556661 /* Resources */,
			);
			buildRules = (
			);
			dependencies = (
				ED81A10E298321A800556661 /* PBXTargetDependency */,
			);
			name = "Kick the SheetsTests";
			productName = "Kick the SheetsTests";
			productReference = ED81A10C298321A800556661 /* Kick the SheetsTests.xctest */;
			productType = "com.apple.product-type.bundle.unit-test";
		};
		ED81A115298321A800556661 /* Kick the SheetsUITests */ = {
			isa = PBXNativeTarget;
			buildConfigurationList = ED81A126298321A800556661 /* Build configuration list for PBXNativeTarget "Kick the SheetsUITests" */;
			buildPhases = (
				ED81A112298321A800556661 /* Sources */,
				ED81A113298321A800556661 /* Frameworks */,
				ED81A114298321A800556661 /* Resources */,
			);
			buildRules = (
			);
			dependencies = (
				ED81A118298321A800556661 /* PBXTargetDependency */,
			);
			name = "Kick the SheetsUITests";
			productName = "Kick the SheetsUITests";
			productReference = ED81A116298321A800556661 /* Kick the SheetsUITests.xctest */;
			productType = "com.apple.product-type.bundle.ui-testing";
		};
/* End PBXNativeTarget section */

/* Begin PBXProject section */
		ED81A0F4298321A700556661 /* Project object */ = {
			isa = PBXProject;
			attributes = {
				BuildIndependentTargetsInParallel = 1;
				LastSwiftUpdateCheck = 1420;
				LastUpgradeCheck = 1420;
				TargetAttributes = {
					ED81A0FB298321A700556661 = {
						CreatedOnToolsVersion = 14.2;
					};
					ED81A10B298321A800556661 = {
						CreatedOnToolsVersion = 14.2;
						TestTargetID = ED81A0FB298321A700556661;
					};
					ED81A115298321A800556661 = {
						CreatedOnToolsVersion = 14.2;
						TestTargetID = ED81A0FB298321A700556661;
					};
				};
			};
			buildConfigurationList = ED81A0F7298321A700556661 /* Build configuration list for PBXProject "Kick the Sheets" */;
			compatibilityVersion = "Xcode 14.0";
			developmentRegion = en;
			hasScannedForEncodings = 0;
			knownRegions = (
				en,
				Base,
			);
			mainGroup = ED81A0F3298321A700556661;
			packageReferences = (
				ED81A12D2983225000556661 /* XCRemoteSwiftPackageReference "SQLite.swift" */,
			);
			productRefGroup = ED81A0FD298321A700556661 /* Products */;
			projectDirPath = "";
			projectRoot = "";
			targets = (
				ED81A0FB298321A700556661 /* Kick the Sheets */,
				ED81A10B298321A800556661 /* Kick the SheetsTests */,
				ED81A115298321A800556661 /* Kick the SheetsUITests */,
			);
		};
/* End PBXProject section */

/* Begin PBXResourcesBuildPhase section */
		ED81A0FA298321A700556661 /* Resources */ = {
			isa = PBXResourcesBuildPhase;
			buildActionMask = 2147483647;
			files = (
				ED4CE54A29946595005A4737 /* Andika-Regular.ttf in Resources */,
				ED010CEB2A6A0E69000FFFB6 /* LaunchScreen.storyboard in Resources */,
				ED4CE54B29946595005A4737 /* Andika-Bold.ttf in Resources */,
				ED4CE54C29946595005A4737 /* Andika-Italic.ttf in Resources */,
				EDBE54A62A85765C0012754A /* Preview Content.xcassets in Resources */,
				ED4CE54D29946595005A4737 /* Andika-BoldItalic.ttf in Resources */,
				ED42579129A456CB0064F8AA /* AnimatedLogo.svg in Resources */,
				ED81A104298321A800556661 /* Assets.xcassets in Resources */,
				EDE5104A2A23134C003F8353 /* Colors.xcassets in Resources */,
			);
			runOnlyForDeploymentPostprocessing = 0;
		};
		ED81A10A298321A800556661 /* Resources */ = {
			isa = PBXResourcesBuildPhase;
			buildActionMask = 2147483647;
			files = (
			);
			runOnlyForDeploymentPostprocessing = 0;
		};
		ED81A114298321A800556661 /* Resources */ = {
			isa = PBXResourcesBuildPhase;
			buildActionMask = 2147483647;
			files = (
			);
			runOnlyForDeploymentPostprocessing = 0;
		};
/* End PBXResourcesBuildPhase section */

/* Begin PBXSourcesBuildPhase section */
		ED81A0F8298321A700556661 /* Sources */ = {
			isa = PBXSourcesBuildPhase;
			buildActionMask = 2147483647;
			files = (
				ED2B03FB2A0B26BA00AA8ABB /* SettingsView.swift in Sources */,
				ED2B03F82A08881F00AA8ABB /* Animation+Extension.swift in Sources */,
				ED84D49B29D9C67C0094CF09 /* BottomNavigationBar.swift in Sources */,
				ED81A13A2983229800556661 /* GeneralTodoService.swift in Sources */,
				ED81A14C2983247900556661 /* Home.swift in Sources */,
				ED81A14E2983247900556661 /* BaseView.swift in Sources */,
				ED700B1A2A8035AC00388BC2 /* UIDevice+Extension.swift in Sources */,
				EDC3438E2AA1FEF50072896F /* Months.swift in Sources */,
				ED3166722A00B467003DB752 /* DeleteIconView.swift in Sources */,
				ED4CE5432992F04B005A4737 /* HomeViewModel.swift in Sources */,
				EDC343902AA1FEFC0072896F /* WeekDays.swift in Sources */,
				EDC343852A9D7BC60072896F /* CalendarView.swift in Sources */,
				ED81A102298321A700556661 /* ContentView.swift in Sources */,
				EDBE54AC2A959AAE0012754A /* TodoMigrationService.swift in Sources */,
				ED010CE82A68ACA5000FFFB6 /* AppState.swift in Sources */,
				ED81A13B2983229800556661 /* Day.swift in Sources */,
				ED81A1582983745700556661 /* Todo+Extension.swift in Sources */,
				ED81A15C298862EC00556661 /* TodoRow.swift in Sources */,
				ED2B03FF2A0B2A8600AA8ABB /* SettingsOption.swift in Sources */,
				ED3166702A00B0EF003DB752 /* CircleCheckmarkView.swift in Sources */,
				ED81A100298321A700556661 /* Kick_the_SheetsApp.swift in Sources */,
				ED81A15F298F245400556661 /* String+Extension.swift in Sources */,
				ED81A15A2983793500556661 /* View+Extension.swift in Sources */,
				EDC17F812AA426150063166F /* CalendarViewModel.swift in Sources */,
				ED81A13D2983229800556661 /* DbDay.swift in Sources */,
				ED700B1C2A803B1000388BC2 /* DayTabDestination.swift in Sources */,
				EDC343892AA1FE440072896F /* CalendarGridView.swift in Sources */,
				ED81A151298324F300556661 /* KTSColors.swift in Sources */,
				ED6B13352995D0C100634B47 /* CircularProgressView.swift in Sources */,
				EDC343952AA3BF290072896F /* CalendarHelper.swift in Sources */,
				ED81A14A2983247900556661 /* Date+Extension.swift in Sources */,
				EDE510482A1861C9003F8353 /* AboutStrings.swift in Sources */,
				ED81A13E2983229800556661 /* DbTodo.swift in Sources */,
				ED4CE53E2991A998005A4737 /* AddTodoSheetView.swift in Sources */,
				ED81A14D2983247900556661 /* DayView.swift in Sources */,
				ED81A13C2983229800556661 /* Todo.swift in Sources */,
				EDC3438B2AA1FE6D0072896F /* CalendarCell.swift in Sources */,
				ED4CE5402991B3B9005A4737 /* EmptyListViewModifier.swift in Sources */,
				ED4CE553299469D6005A4737 /* KTSFonts.swift in Sources */,
				ED81A1562983699600556661 /* RoundedButton.swift in Sources */,
				ED2A08512A11A5FF002AC216 /* SettingsOptionRow.swift in Sources */,
				ED84D49D29DA3A790094CF09 /* AnimatedIndicator.swift in Sources */,
				ED84D49829D70CAE0094CF09 /* Tab.swift in Sources */,
				ED2B03FD2A0B2A7300AA8ABB /* SettingsViewModel.swift in Sources */,
			);
			runOnlyForDeploymentPostprocessing = 0;
		};
		ED81A108298321A800556661 /* Sources */ = {
			isa = PBXSourcesBuildPhase;
			buildActionMask = 2147483647;
			files = (
				EDBE54AE2A959B6E0012754A /* TodoMigrationServiceTests.swift in Sources */,
				EDBE54A22A83AFC60012754A /* AppStateTests.swift in Sources */,
				EDBE54A92A85CFEC0012754A /* TodoServiceTests.swift in Sources */,
			);
			runOnlyForDeploymentPostprocessing = 0;
		};
		ED81A112298321A800556661 /* Sources */ = {
			isa = PBXSourcesBuildPhase;
			buildActionMask = 2147483647;
			files = (
				ED058F812AA6B83F0004EF20 /* BaseUITest.swift in Sources */,
				ED81A11B298321A800556661 /* AppLaunchUITests.swift in Sources */,
				EDAC5B6B2AA54838009A9BB2 /* DayViewUITests.swift in Sources */,
			);
			runOnlyForDeploymentPostprocessing = 0;
		};
/* End PBXSourcesBuildPhase section */

/* Begin PBXTargetDependency section */
		ED81A10E298321A800556661 /* PBXTargetDependency */ = {
			isa = PBXTargetDependency;
			target = ED81A0FB298321A700556661 /* Kick the Sheets */;
			targetProxy = ED81A10D298321A800556661 /* PBXContainerItemProxy */;
		};
		ED81A118298321A800556661 /* PBXTargetDependency */ = {
			isa = PBXTargetDependency;
			target = ED81A0FB298321A700556661 /* Kick the Sheets */;
			targetProxy = ED81A117298321A800556661 /* PBXContainerItemProxy */;
		};
/* End PBXTargetDependency section */

/* Begin XCBuildConfiguration section */
		ED058F822AAEA95C0004EF20 /* UITesting */ = {
			isa = XCBuildConfiguration;
			buildSettings = {
				ALWAYS_SEARCH_USER_PATHS = NO;
				CLANG_ANALYZER_NONNULL = YES;
				CLANG_ANALYZER_NUMBER_OBJECT_CONVERSION = YES_AGGRESSIVE;
				CLANG_CXX_LANGUAGE_STANDARD = "gnu++20";
				CLANG_ENABLE_MODULES = YES;
				CLANG_ENABLE_OBJC_ARC = YES;
				CLANG_ENABLE_OBJC_WEAK = YES;
				CLANG_WARN_BLOCK_CAPTURE_AUTORELEASING = YES;
				CLANG_WARN_BOOL_CONVERSION = YES;
				CLANG_WARN_COMMA = YES;
				CLANG_WARN_CONSTANT_CONVERSION = YES;
				CLANG_WARN_DEPRECATED_OBJC_IMPLEMENTATIONS = YES;
				CLANG_WARN_DIRECT_OBJC_ISA_USAGE = YES_ERROR;
				CLANG_WARN_DOCUMENTATION_COMMENTS = YES;
				CLANG_WARN_EMPTY_BODY = YES;
				CLANG_WARN_ENUM_CONVERSION = YES;
				CLANG_WARN_INFINITE_RECURSION = YES;
				CLANG_WARN_INT_CONVERSION = YES;
				CLANG_WARN_NON_LITERAL_NULL_CONVERSION = YES;
				CLANG_WARN_OBJC_IMPLICIT_RETAIN_SELF = YES;
				CLANG_WARN_OBJC_LITERAL_CONVERSION = YES;
				CLANG_WARN_OBJC_ROOT_CLASS = YES_ERROR;
				CLANG_WARN_QUOTED_INCLUDE_IN_FRAMEWORK_HEADER = YES;
				CLANG_WARN_RANGE_LOOP_ANALYSIS = YES;
				CLANG_WARN_STRICT_PROTOTYPES = YES;
				CLANG_WARN_SUSPICIOUS_MOVE = YES;
				CLANG_WARN_UNGUARDED_AVAILABILITY = YES_AGGRESSIVE;
				CLANG_WARN_UNREACHABLE_CODE = YES;
				CLANG_WARN__DUPLICATE_METHOD_MATCH = YES;
				COPY_PHASE_STRIP = NO;
				DEBUG_INFORMATION_FORMAT = dwarf;
				ENABLE_STRICT_OBJC_MSGSEND = YES;
				ENABLE_TESTABILITY = YES;
				GCC_C_LANGUAGE_STANDARD = gnu11;
				GCC_DYNAMIC_NO_PIC = NO;
				GCC_NO_COMMON_BLOCKS = YES;
				GCC_OPTIMIZATION_LEVEL = 0;
				GCC_PREPROCESSOR_DEFINITIONS = (
					"DEBUG=1",
					"$(inherited)",
				);
				GCC_WARN_64_TO_32_BIT_CONVERSION = YES;
				GCC_WARN_ABOUT_RETURN_TYPE = YES_ERROR;
				GCC_WARN_UNDECLARED_SELECTOR = YES;
				GCC_WARN_UNINITIALIZED_AUTOS = YES_AGGRESSIVE;
				GCC_WARN_UNUSED_FUNCTION = YES;
				GCC_WARN_UNUSED_VARIABLE = YES;
				IPHONEOS_DEPLOYMENT_TARGET = 16.0;
				MTL_ENABLE_DEBUG_INFO = INCLUDE_SOURCE;
				MTL_FAST_MATH = YES;
				ONLY_ACTIVE_ARCH = YES;
				SDKROOT = iphoneos;
				SWIFT_ACTIVE_COMPILATION_CONDITIONS = "DEBUG UITESTING";
				SWIFT_OPTIMIZATION_LEVEL = "-Onone";
			};
			name = UITesting;
		};
		ED058F832AAEA95C0004EF20 /* UITesting */ = {
			isa = XCBuildConfiguration;
			buildSettings = {
				ASSETCATALOG_COMPILER_APPICON_NAME = AppIcon;
				ASSETCATALOG_COMPILER_GLOBAL_ACCENT_COLOR_NAME = AccentColor;
				CODE_SIGN_STYLE = Automatic;
				CURRENT_PROJECT_VERSION = 3;
				DEVELOPMENT_ASSET_PATHS = "\"Kick the Sheets/Preview Content\"";
				DEVELOPMENT_TEAM = P649CF844Y;
				ENABLE_PREVIEWS = YES;
				GENERATE_INFOPLIST_FILE = YES;
				INFOPLIST_FILE = "Kick-the-Sheets-Info.plist";
				INFOPLIST_KEY_CFBundleDisplayName = KTS;
				INFOPLIST_KEY_LSApplicationCategoryType = "public.app-category.productivity";
				INFOPLIST_KEY_UIApplicationSceneManifest_Generation = YES;
				INFOPLIST_KEY_UIApplicationSupportsIndirectInputEvents = YES;
				INFOPLIST_KEY_UILaunchStoryboardName = LaunchScreen.storyboard;
				INFOPLIST_KEY_UIRequiresFullScreen = YES;
				INFOPLIST_KEY_UIStatusBarStyle = UIStatusBarStyleDarkContent;
				INFOPLIST_KEY_UISupportedInterfaceOrientations = UIInterfaceOrientationPortrait;
				INFOPLIST_KEY_UISupportedInterfaceOrientations_iPad = "UIInterfaceOrientationLandscapeLeft UIInterfaceOrientationLandscapeRight UIInterfaceOrientationPortrait UIInterfaceOrientationPortraitUpsideDown";
				IPHONEOS_DEPLOYMENT_TARGET = 16.0;
				LD_RUNPATH_SEARCH_PATHS = (
					"$(inherited)",
					"@executable_path/Frameworks",
				);
				MARKETING_VERSION = 2;
				PRODUCT_BUNDLE_IDENTIFIER = "com.ayrenking.Kicking-the-Sheets";
				PRODUCT_NAME = "$(TARGET_NAME)";
				SWIFT_EMIT_LOC_STRINGS = YES;
				SWIFT_VERSION = 5.0;
				TARGETED_DEVICE_FAMILY = "1,2";
			};
			name = UITesting;
		};
		ED058F842AAEA95C0004EF20 /* UITesting */ = {
			isa = XCBuildConfiguration;
			buildSettings = {
				ALWAYS_EMBED_SWIFT_STANDARD_LIBRARIES = YES;
				BUNDLE_LOADER = "$(TEST_HOST)";
				CODE_SIGN_STYLE = Automatic;
				CURRENT_PROJECT_VERSION = 1;
				DEVELOPMENT_TEAM = P649CF844Y;
				GENERATE_INFOPLIST_FILE = YES;
				IPHONEOS_DEPLOYMENT_TARGET = 16.0;
				MARKETING_VERSION = 1.0;
				PRODUCT_BUNDLE_IDENTIFIER = "ayrenking.Kick-the-SheetsTests";
				PRODUCT_NAME = "$(TARGET_NAME)";
				SWIFT_EMIT_LOC_STRINGS = NO;
				SWIFT_VERSION = 5.0;
				TARGETED_DEVICE_FAMILY = "1,2";
				TEST_HOST = "$(BUILT_PRODUCTS_DIR)/Kick the Sheets.app/$(BUNDLE_EXECUTABLE_FOLDER_PATH)/Kick the Sheets";
			};
			name = UITesting;
		};
		ED058F852AAEA95C0004EF20 /* UITesting */ = {
			isa = XCBuildConfiguration;
			buildSettings = {
				ALWAYS_EMBED_SWIFT_STANDARD_LIBRARIES = YES;
				CODE_SIGN_STYLE = Automatic;
				CURRENT_PROJECT_VERSION = 1;
				DEVELOPMENT_TEAM = P649CF844Y;
				GENERATE_INFOPLIST_FILE = YES;
				IPHONEOS_DEPLOYMENT_TARGET = 16.0;
				MARKETING_VERSION = 1.0;
				PRODUCT_BUNDLE_IDENTIFIER = "ayrenking.Kick-the-SheetsUITests";
				PRODUCT_NAME = "$(TARGET_NAME)";
				SWIFT_EMIT_LOC_STRINGS = NO;
				SWIFT_VERSION = 5.0;
				TARGETED_DEVICE_FAMILY = "1,2";
				TEST_TARGET_NAME = "Kick the Sheets";
			};
			name = UITesting;
		};
		ED81A11E298321A800556661 /* Debug */ = {
			isa = XCBuildConfiguration;
			buildSettings = {
				ALWAYS_SEARCH_USER_PATHS = NO;
				CLANG_ANALYZER_NONNULL = YES;
				CLANG_ANALYZER_NUMBER_OBJECT_CONVERSION = YES_AGGRESSIVE;
				CLANG_CXX_LANGUAGE_STANDARD = "gnu++20";
				CLANG_ENABLE_MODULES = YES;
				CLANG_ENABLE_OBJC_ARC = YES;
				CLANG_ENABLE_OBJC_WEAK = YES;
				CLANG_WARN_BLOCK_CAPTURE_AUTORELEASING = YES;
				CLANG_WARN_BOOL_CONVERSION = YES;
				CLANG_WARN_COMMA = YES;
				CLANG_WARN_CONSTANT_CONVERSION = YES;
				CLANG_WARN_DEPRECATED_OBJC_IMPLEMENTATIONS = YES;
				CLANG_WARN_DIRECT_OBJC_ISA_USAGE = YES_ERROR;
				CLANG_WARN_DOCUMENTATION_COMMENTS = YES;
				CLANG_WARN_EMPTY_BODY = YES;
				CLANG_WARN_ENUM_CONVERSION = YES;
				CLANG_WARN_INFINITE_RECURSION = YES;
				CLANG_WARN_INT_CONVERSION = YES;
				CLANG_WARN_NON_LITERAL_NULL_CONVERSION = YES;
				CLANG_WARN_OBJC_IMPLICIT_RETAIN_SELF = YES;
				CLANG_WARN_OBJC_LITERAL_CONVERSION = YES;
				CLANG_WARN_OBJC_ROOT_CLASS = YES_ERROR;
				CLANG_WARN_QUOTED_INCLUDE_IN_FRAMEWORK_HEADER = YES;
				CLANG_WARN_RANGE_LOOP_ANALYSIS = YES;
				CLANG_WARN_STRICT_PROTOTYPES = YES;
				CLANG_WARN_SUSPICIOUS_MOVE = YES;
				CLANG_WARN_UNGUARDED_AVAILABILITY = YES_AGGRESSIVE;
				CLANG_WARN_UNREACHABLE_CODE = YES;
				CLANG_WARN__DUPLICATE_METHOD_MATCH = YES;
				COPY_PHASE_STRIP = NO;
				DEBUG_INFORMATION_FORMAT = dwarf;
				ENABLE_STRICT_OBJC_MSGSEND = YES;
				ENABLE_TESTABILITY = YES;
				GCC_C_LANGUAGE_STANDARD = gnu11;
				GCC_DYNAMIC_NO_PIC = NO;
				GCC_NO_COMMON_BLOCKS = YES;
				GCC_OPTIMIZATION_LEVEL = 0;
				GCC_PREPROCESSOR_DEFINITIONS = (
					"DEBUG=1",
					"$(inherited)",
				);
				GCC_WARN_64_TO_32_BIT_CONVERSION = YES;
				GCC_WARN_ABOUT_RETURN_TYPE = YES_ERROR;
				GCC_WARN_UNDECLARED_SELECTOR = YES;
				GCC_WARN_UNINITIALIZED_AUTOS = YES_AGGRESSIVE;
				GCC_WARN_UNUSED_FUNCTION = YES;
				GCC_WARN_UNUSED_VARIABLE = YES;
				IPHONEOS_DEPLOYMENT_TARGET = 16.0;
				MTL_ENABLE_DEBUG_INFO = INCLUDE_SOURCE;
				MTL_FAST_MATH = YES;
				ONLY_ACTIVE_ARCH = YES;
				SDKROOT = iphoneos;
				SWIFT_ACTIVE_COMPILATION_CONDITIONS = DEBUG;
				SWIFT_OPTIMIZATION_LEVEL = "-Onone";
			};
			name = Debug;
		};
		ED81A11F298321A800556661 /* Release */ = {
			isa = XCBuildConfiguration;
			buildSettings = {
				ALWAYS_SEARCH_USER_PATHS = NO;
				CLANG_ANALYZER_NONNULL = YES;
				CLANG_ANALYZER_NUMBER_OBJECT_CONVERSION = YES_AGGRESSIVE;
				CLANG_CXX_LANGUAGE_STANDARD = "gnu++20";
				CLANG_ENABLE_MODULES = YES;
				CLANG_ENABLE_OBJC_ARC = YES;
				CLANG_ENABLE_OBJC_WEAK = YES;
				CLANG_WARN_BLOCK_CAPTURE_AUTORELEASING = YES;
				CLANG_WARN_BOOL_CONVERSION = YES;
				CLANG_WARN_COMMA = YES;
				CLANG_WARN_CONSTANT_CONVERSION = YES;
				CLANG_WARN_DEPRECATED_OBJC_IMPLEMENTATIONS = YES;
				CLANG_WARN_DIRECT_OBJC_ISA_USAGE = YES_ERROR;
				CLANG_WARN_DOCUMENTATION_COMMENTS = YES;
				CLANG_WARN_EMPTY_BODY = YES;
				CLANG_WARN_ENUM_CONVERSION = YES;
				CLANG_WARN_INFINITE_RECURSION = YES;
				CLANG_WARN_INT_CONVERSION = YES;
				CLANG_WARN_NON_LITERAL_NULL_CONVERSION = YES;
				CLANG_WARN_OBJC_IMPLICIT_RETAIN_SELF = YES;
				CLANG_WARN_OBJC_LITERAL_CONVERSION = YES;
				CLANG_WARN_OBJC_ROOT_CLASS = YES_ERROR;
				CLANG_WARN_QUOTED_INCLUDE_IN_FRAMEWORK_HEADER = YES;
				CLANG_WARN_RANGE_LOOP_ANALYSIS = YES;
				CLANG_WARN_STRICT_PROTOTYPES = YES;
				CLANG_WARN_SUSPICIOUS_MOVE = YES;
				CLANG_WARN_UNGUARDED_AVAILABILITY = YES_AGGRESSIVE;
				CLANG_WARN_UNREACHABLE_CODE = YES;
				CLANG_WARN__DUPLICATE_METHOD_MATCH = YES;
				COPY_PHASE_STRIP = NO;
				DEBUG_INFORMATION_FORMAT = "dwarf-with-dsym";
				ENABLE_NS_ASSERTIONS = NO;
				ENABLE_STRICT_OBJC_MSGSEND = YES;
				GCC_C_LANGUAGE_STANDARD = gnu11;
				GCC_NO_COMMON_BLOCKS = YES;
				GCC_WARN_64_TO_32_BIT_CONVERSION = YES;
				GCC_WARN_ABOUT_RETURN_TYPE = YES_ERROR;
				GCC_WARN_UNDECLARED_SELECTOR = YES;
				GCC_WARN_UNINITIALIZED_AUTOS = YES_AGGRESSIVE;
				GCC_WARN_UNUSED_FUNCTION = YES;
				GCC_WARN_UNUSED_VARIABLE = YES;
				IPHONEOS_DEPLOYMENT_TARGET = 16.0;
				MTL_ENABLE_DEBUG_INFO = NO;
				MTL_FAST_MATH = YES;
				SDKROOT = iphoneos;
				SWIFT_COMPILATION_MODE = wholemodule;
				SWIFT_OPTIMIZATION_LEVEL = "-O";
				VALIDATE_PRODUCT = YES;
			};
			name = Release;
		};
		ED81A121298321A800556661 /* Debug */ = {
			isa = XCBuildConfiguration;
			buildSettings = {
				ASSETCATALOG_COMPILER_APPICON_NAME = AppIcon;
				ASSETCATALOG_COMPILER_GLOBAL_ACCENT_COLOR_NAME = AccentColor;
				CODE_SIGN_STYLE = Automatic;
				CURRENT_PROJECT_VERSION = 3;
				DEVELOPMENT_ASSET_PATHS = "\"Kick the Sheets/Preview Content\"";
				DEVELOPMENT_TEAM = P649CF844Y;
				ENABLE_PREVIEWS = YES;
				GENERATE_INFOPLIST_FILE = YES;
				INFOPLIST_FILE = "Kick-the-Sheets-Info.plist";
				INFOPLIST_KEY_CFBundleDisplayName = KTS;
				INFOPLIST_KEY_LSApplicationCategoryType = "public.app-category.productivity";
				INFOPLIST_KEY_UIApplicationSceneManifest_Generation = YES;
				INFOPLIST_KEY_UIApplicationSupportsIndirectInputEvents = YES;
				INFOPLIST_KEY_UILaunchStoryboardName = LaunchScreen.storyboard;
				INFOPLIST_KEY_UIRequiresFullScreen = YES;
				INFOPLIST_KEY_UIStatusBarStyle = UIStatusBarStyleDarkContent;
				INFOPLIST_KEY_UISupportedInterfaceOrientations = UIInterfaceOrientationPortrait;
				INFOPLIST_KEY_UISupportedInterfaceOrientations_iPad = "UIInterfaceOrientationLandscapeLeft UIInterfaceOrientationLandscapeRight UIInterfaceOrientationPortrait UIInterfaceOrientationPortraitUpsideDown";
				IPHONEOS_DEPLOYMENT_TARGET = 16.0;
				LD_RUNPATH_SEARCH_PATHS = (
					"$(inherited)",
					"@executable_path/Frameworks",
				);
				MARKETING_VERSION = 2;
				PRODUCT_BUNDLE_IDENTIFIER = "com.ayrenking.Kicking-the-Sheets";
				PRODUCT_NAME = "$(TARGET_NAME)";
				SWIFT_EMIT_LOC_STRINGS = YES;
				SWIFT_VERSION = 5.0;
				TARGETED_DEVICE_FAMILY = "1,2";
			};
			name = Debug;
		};
		ED81A122298321A800556661 /* Release */ = {
			isa = XCBuildConfiguration;
			buildSettings = {
				ASSETCATALOG_COMPILER_APPICON_NAME = AppIcon;
				ASSETCATALOG_COMPILER_GLOBAL_ACCENT_COLOR_NAME = AccentColor;
				CODE_SIGN_STYLE = Automatic;
				CURRENT_PROJECT_VERSION = 3;
				DEVELOPMENT_ASSET_PATHS = "\"Kick the Sheets/Preview Content\"";
				DEVELOPMENT_TEAM = P649CF844Y;
				ENABLE_PREVIEWS = YES;
				GENERATE_INFOPLIST_FILE = YES;
				INFOPLIST_FILE = "Kick-the-Sheets-Info.plist";
				INFOPLIST_KEY_CFBundleDisplayName = KTS;
				INFOPLIST_KEY_LSApplicationCategoryType = "public.app-category.productivity";
				INFOPLIST_KEY_UIApplicationSceneManifest_Generation = YES;
				INFOPLIST_KEY_UIApplicationSupportsIndirectInputEvents = YES;
				INFOPLIST_KEY_UILaunchStoryboardName = LaunchScreen.storyboard;
				INFOPLIST_KEY_UIRequiresFullScreen = YES;
				INFOPLIST_KEY_UIStatusBarStyle = UIStatusBarStyleDarkContent;
				INFOPLIST_KEY_UISupportedInterfaceOrientations = UIInterfaceOrientationPortrait;
				INFOPLIST_KEY_UISupportedInterfaceOrientations_iPad = "UIInterfaceOrientationLandscapeLeft UIInterfaceOrientationLandscapeRight UIInterfaceOrientationPortrait UIInterfaceOrientationPortraitUpsideDown";
				IPHONEOS_DEPLOYMENT_TARGET = 16.0;
				LD_RUNPATH_SEARCH_PATHS = (
					"$(inherited)",
					"@executable_path/Frameworks",
				);
				MARKETING_VERSION = 2;
				PRODUCT_BUNDLE_IDENTIFIER = "com.ayrenking.Kicking-the-Sheets";
				PRODUCT_NAME = "$(TARGET_NAME)";
				SWIFT_EMIT_LOC_STRINGS = YES;
				SWIFT_VERSION = 5.0;
				TARGETED_DEVICE_FAMILY = "1,2";
			};
			name = Release;
		};
		ED81A124298321A800556661 /* Debug */ = {
			isa = XCBuildConfiguration;
			buildSettings = {
				ALWAYS_EMBED_SWIFT_STANDARD_LIBRARIES = YES;
				BUNDLE_LOADER = "$(TEST_HOST)";
				CODE_SIGN_STYLE = Automatic;
				CURRENT_PROJECT_VERSION = 1;
				DEVELOPMENT_TEAM = P649CF844Y;
				GENERATE_INFOPLIST_FILE = YES;
				IPHONEOS_DEPLOYMENT_TARGET = 16.0;
				MARKETING_VERSION = 1.0;
				PRODUCT_BUNDLE_IDENTIFIER = "ayrenking.Kick-the-SheetsTests";
				PRODUCT_NAME = "$(TARGET_NAME)";
				SWIFT_EMIT_LOC_STRINGS = NO;
				SWIFT_VERSION = 5.0;
				TARGETED_DEVICE_FAMILY = "1,2";
				TEST_HOST = "$(BUILT_PRODUCTS_DIR)/Kick the Sheets.app/$(BUNDLE_EXECUTABLE_FOLDER_PATH)/Kick the Sheets";
			};
			name = Debug;
		};
		ED81A125298321A800556661 /* Release */ = {
			isa = XCBuildConfiguration;
			buildSettings = {
				ALWAYS_EMBED_SWIFT_STANDARD_LIBRARIES = YES;
				BUNDLE_LOADER = "$(TEST_HOST)";
				CODE_SIGN_STYLE = Automatic;
				CURRENT_PROJECT_VERSION = 1;
				DEVELOPMENT_TEAM = P649CF844Y;
				GENERATE_INFOPLIST_FILE = YES;
				IPHONEOS_DEPLOYMENT_TARGET = 16.0;
				MARKETING_VERSION = 1.0;
				PRODUCT_BUNDLE_IDENTIFIER = "ayrenking.Kick-the-SheetsTests";
				PRODUCT_NAME = "$(TARGET_NAME)";
				SWIFT_EMIT_LOC_STRINGS = NO;
				SWIFT_VERSION = 5.0;
				TARGETED_DEVICE_FAMILY = "1,2";
				TEST_HOST = "$(BUILT_PRODUCTS_DIR)/Kick the Sheets.app/$(BUNDLE_EXECUTABLE_FOLDER_PATH)/Kick the Sheets";
			};
			name = Release;
		};
		ED81A127298321A800556661 /* Debug */ = {
			isa = XCBuildConfiguration;
			buildSettings = {
				ALWAYS_EMBED_SWIFT_STANDARD_LIBRARIES = YES;
				CODE_SIGN_STYLE = Automatic;
				CURRENT_PROJECT_VERSION = 1;
				DEVELOPMENT_TEAM = P649CF844Y;
				GENERATE_INFOPLIST_FILE = YES;
				IPHONEOS_DEPLOYMENT_TARGET = 16.0;
				MARKETING_VERSION = 1.0;
				PRODUCT_BUNDLE_IDENTIFIER = "ayrenking.Kick-the-SheetsUITests";
				PRODUCT_NAME = "$(TARGET_NAME)";
				SWIFT_EMIT_LOC_STRINGS = NO;
				SWIFT_VERSION = 5.0;
				TARGETED_DEVICE_FAMILY = "1,2";
				TEST_TARGET_NAME = "Kick the Sheets";
			};
			name = Debug;
		};
		ED81A128298321A800556661 /* Release */ = {
			isa = XCBuildConfiguration;
			buildSettings = {
				ALWAYS_EMBED_SWIFT_STANDARD_LIBRARIES = YES;
				CODE_SIGN_STYLE = Automatic;
				CURRENT_PROJECT_VERSION = 1;
				DEVELOPMENT_TEAM = P649CF844Y;
				GENERATE_INFOPLIST_FILE = YES;
				IPHONEOS_DEPLOYMENT_TARGET = 16.0;
				MARKETING_VERSION = 1.0;
				PRODUCT_BUNDLE_IDENTIFIER = "ayrenking.Kick-the-SheetsUITests";
				PRODUCT_NAME = "$(TARGET_NAME)";
				SWIFT_EMIT_LOC_STRINGS = NO;
				SWIFT_VERSION = 5.0;
				TARGETED_DEVICE_FAMILY = "1,2";
				TEST_TARGET_NAME = "Kick the Sheets";
			};
			name = Release;
		};
/* End XCBuildConfiguration section */

/* Begin XCConfigurationList section */
		ED81A0F7298321A700556661 /* Build configuration list for PBXProject "Kick the Sheets" */ = {
			isa = XCConfigurationList;
			buildConfigurations = (
				ED81A11E298321A800556661 /* Debug */,
				ED058F822AAEA95C0004EF20 /* UITesting */,
				ED81A11F298321A800556661 /* Release */,
			);
			defaultConfigurationIsVisible = 0;
			defaultConfigurationName = Release;
		};
		ED81A120298321A800556661 /* Build configuration list for PBXNativeTarget "Kick the Sheets" */ = {
			isa = XCConfigurationList;
			buildConfigurations = (
				ED81A121298321A800556661 /* Debug */,
				ED058F832AAEA95C0004EF20 /* UITesting */,
				ED81A122298321A800556661 /* Release */,
			);
			defaultConfigurationIsVisible = 0;
			defaultConfigurationName = Release;
		};
		ED81A123298321A800556661 /* Build configuration list for PBXNativeTarget "Kick the SheetsTests" */ = {
			isa = XCConfigurationList;
			buildConfigurations = (
				ED81A124298321A800556661 /* Debug */,
				ED058F842AAEA95C0004EF20 /* UITesting */,
				ED81A125298321A800556661 /* Release */,
			);
			defaultConfigurationIsVisible = 0;
			defaultConfigurationName = Release;
		};
		ED81A126298321A800556661 /* Build configuration list for PBXNativeTarget "Kick the SheetsUITests" */ = {
			isa = XCConfigurationList;
			buildConfigurations = (
				ED81A127298321A800556661 /* Debug */,
				ED058F852AAEA95C0004EF20 /* UITesting */,
				ED81A128298321A800556661 /* Release */,
			);
			defaultConfigurationIsVisible = 0;
			defaultConfigurationName = Release;
		};
/* End XCConfigurationList section */

/* Begin XCRemoteSwiftPackageReference section */
		ED81A12D2983225000556661 /* XCRemoteSwiftPackageReference "SQLite.swift" */ = {
			isa = XCRemoteSwiftPackageReference;
			repositoryURL = "https://github.com/stephencelis/SQLite.swift.git";
			requirement = {
				branch = master;
				kind = branch;
			};
		};
/* End XCRemoteSwiftPackageReference section */

/* Begin XCSwiftPackageProductDependency section */
		ED81A12E2983225000556661 /* SQLite */ = {
			isa = XCSwiftPackageProductDependency;
			package = ED81A12D2983225000556661 /* XCRemoteSwiftPackageReference "SQLite.swift" */;
			productName = SQLite;
		};
/* End XCSwiftPackageProductDependency section */
	};
	rootObject = ED81A0F4298321A700556661 /* Project object */;
}
