{
  "pins" : [
    {
      "identity" : "popupview",
      "kind" : "remoteSourceControl",
      "location" : "https://github.com/exyte/PopupView",
      "state" : {
        "branch" : "master",
        "revision" : "87f3bf660ba23e8ee49ea2b503e86dfdf8e61ca7"
      }
    },
    {
      "identity" : "selectable-calendar-view",
      "kind" : "remoteSourceControl",
      "location" : "https://github.com/aking618/Selectable-Calendar-View",
      "state" : {
        "branch" : "main",
        "revision" : "5721fc40cbc08bc73f61bc4a5fdf5910f55abc4d"
      }
    },
    {
      "identity" : "sqlite.swift",
      "kind" : "remoteSourceControl",
      "location" : "https://github.com/stephencelis/SQLite.swift.git",
      "state" : {
        "branch" : "master",
        "revision" : "926b87da689bc68159298627aa97f20c24ddd2d8"
      }
    }
  ],
  "version" : 2
}
