{
  "pins" : [
    {
      "identity" : "popupview",
      "kind" : "remoteSourceControl",
      "location" : "https://github.com/exyte/PopupView",
      "state" : {
        "branch" : "master",
        "revision" : "ee306aede532d941c05ff8c63b3b0f3b8cc208cc"
      }
    },
    {
      "identity" : "selectable-calendar-view",
      "kind" : "remoteSourceControl",
      "location" : "https://github.com/aking618/Selectable-Calendar-View",
      "state" : {
        "branch" : "main",
        "revision" : "4ae21dfbbded290641a28400eab34f9e8c9a12ed"
      }
    },
    {
      "identity" : "sqlite.swift",
      "kind" : "remoteSourceControl",
      "location" : "https://github.com/stephencelis/SQLite.swift.git",
      "state" : {
        "branch" : "master",
        "revision" : "926b87da689bc68159298627aa97f20c24ddd2d8"
      }
    }
  ],
  "version" : 2
}
